// !$*UTF8*$!
{
	archiveVersion = 1;
	classes = {
	};
	objectVersion = 51;
	objects = {

/* Begin PBXBuildFile section */
		473D0881231CA001004C24A9 /* ValU Two.xcdatamodeld in Sources */ = {isa = PBXBuildFile; fileRef = 473D087F231CA001004C24A9 /* ValU Two.xcdatamodeld */; };
		473D089D231D9019004C24A9 /* LoadingAccountsPresentor.swift in Sources */ = {isa = PBXBuildFile; fileRef = 473D089C231D9019004C24A9 /* LoadingAccountsPresentor.swift */; };
		473D089F231D9049004C24A9 /* LoadingAccountsViewController.swift in Sources */ = {isa = PBXBuildFile; fileRef = 473D089E231D9049004C24A9 /* LoadingAccountsViewController.swift */; };
		473D08A523232257004C24A9 /* CoreDataManager.swift in Sources */ = {isa = PBXBuildFile; fileRef = 473D08A423232257004C24A9 /* CoreDataManager.swift */; };
		473D08A72323665B004C24A9 /* SetSpendingPresentor.swift in Sources */ = {isa = PBXBuildFile; fileRef = 473D08A62323665B004C24A9 /* SetSpendingPresentor.swift */; };
		473D08AB232451EC004C24A9 /* PlaidParsing.swift in Sources */ = {isa = PBXBuildFile; fileRef = 473D08AA232451EC004C24A9 /* PlaidParsing.swift */; };
		473D08B6232451FA004C24A9 /* Budget+CoreDataClass.swift in Sources */ = {isa = PBXBuildFile; fileRef = 473D08AD232451FA004C24A9 /* Budget+CoreDataClass.swift */; };
		473D08B7232451FA004C24A9 /* AccountData+CoreDataClass.swift in Sources */ = {isa = PBXBuildFile; fileRef = 473D08AE232451FA004C24A9 /* AccountData+CoreDataClass.swift */; };
		473D08B8232451FA004C24A9 /* Location+CoreDataClass.swift in Sources */ = {isa = PBXBuildFile; fileRef = 473D08AF232451FA004C24A9 /* Location+CoreDataClass.swift */; };
		473D08B9232451FA004C24A9 /* BalanceData+CoreDataClass.swift in Sources */ = {isa = PBXBuildFile; fileRef = 473D08B0232451FA004C24A9 /* BalanceData+CoreDataClass.swift */; };
		473D08BA232451FA004C24A9 /* Category+CoreDataClass.swift in Sources */ = {isa = PBXBuildFile; fileRef = 473D08B1232451FA004C24A9 /* Category+CoreDataClass.swift */; };
		473D08BB232451FA004C24A9 /* Transaction+CoreDataClass.swift in Sources */ = {isa = PBXBuildFile; fileRef = 473D08B2232451FA004C24A9 /* Transaction+CoreDataClass.swift */; };
		473D08BC232451FA004C24A9 /* ItemData+CoreDataClass.swift in Sources */ = {isa = PBXBuildFile; fileRef = 473D08B3232451FA004C24A9 /* ItemData+CoreDataClass.swift */; };
		473D08BD232451FA004C24A9 /* User+CoreDataClass.swift in Sources */ = {isa = PBXBuildFile; fileRef = 473D08B4232451FA004C24A9 /* User+CoreDataClass.swift */; };
		473D08BE232451FA004C24A9 /* SpendingCategory+CoreDataClass.swift in Sources */ = {isa = PBXBuildFile; fileRef = 473D08B5232451FA004C24A9 /* SpendingCategory+CoreDataClass.swift */; };
		473D08C923245203004C24A9 /* Category+CoreDataProperties.swift in Sources */ = {isa = PBXBuildFile; fileRef = 473D08C023245203004C24A9 /* Category+CoreDataProperties.swift */; };
		473D08CA23245203004C24A9 /* Location+CoreDataProperties.swift in Sources */ = {isa = PBXBuildFile; fileRef = 473D08C123245203004C24A9 /* Location+CoreDataProperties.swift */; };
		473D08CB23245203004C24A9 /* SpendingCategory+CoreDataProperties.swift in Sources */ = {isa = PBXBuildFile; fileRef = 473D08C223245203004C24A9 /* SpendingCategory+CoreDataProperties.swift */; };
		473D08CC23245203004C24A9 /* ItemData+CoreDataProperties.swift in Sources */ = {isa = PBXBuildFile; fileRef = 473D08C323245203004C24A9 /* ItemData+CoreDataProperties.swift */; };
		473D08CE23245203004C24A9 /* User+CoreDataProperties.swift in Sources */ = {isa = PBXBuildFile; fileRef = 473D08C523245203004C24A9 /* User+CoreDataProperties.swift */; };
		473D08D023245203004C24A9 /* AccountData+CoreDataProperties.swift in Sources */ = {isa = PBXBuildFile; fileRef = 473D08C723245203004C24A9 /* AccountData+CoreDataProperties.swift */; };
		473D08D123245203004C24A9 /* BalanceData+CoreDataProperties.swift in Sources */ = {isa = PBXBuildFile; fileRef = 473D08C823245203004C24A9 /* BalanceData+CoreDataProperties.swift */; };
		473D08D52324522D004C24A9 /* Protocols.swift in Sources */ = {isa = PBXBuildFile; fileRef = 473D08D42324522D004C24A9 /* Protocols.swift */; };
		473D08D723245270004C24A9 /* ContainerViewController.swift in Sources */ = {isa = PBXBuildFile; fileRef = 473D08D623245270004C24A9 /* ContainerViewController.swift */; };
		473D08DE2325B786004C24A9 /* SetSavingsView.xib in Resources */ = {isa = PBXBuildFile; fileRef = 4795A62022D110C600292E8F /* SetSavingsView.xib */; };
		473D08DF2325B786004C24A9 /* ContainerViewController.xib in Resources */ = {isa = PBXBuildFile; fileRef = 4795A62222D110C600292E8F /* ContainerViewController.xib */; };
		473D08E02325B786004C24A9 /* BudgetCategories.xib in Resources */ = {isa = PBXBuildFile; fileRef = 47B9DE1F22DB974F00434F4A /* BudgetCategories.xib */; };
		473D08E12325B786004C24A9 /* CreateBudgetFormView.xib in Resources */ = {isa = PBXBuildFile; fileRef = 4795A62322D110C600292E8F /* CreateBudgetFormView.xib */; };
		473D08E22325B786004C24A9 /* SetSpendingLimits.xib in Resources */ = {isa = PBXBuildFile; fileRef = 47B9DE2522E28CE400434F4A /* SetSpendingLimits.xib */; };
		473D08E32325B786004C24A9 /* StartPageViewController.xib in Resources */ = {isa = PBXBuildFile; fileRef = 4795A62422D110C600292E8F /* StartPageViewController.xib */; };
		473D08E42325B786004C24A9 /* SpendingLimitCell.xib in Resources */ = {isa = PBXBuildFile; fileRef = 47B9DE2922E2998500434F4A /* SpendingLimitCell.xib */; };
		473D08E52325B786004C24A9 /* PlaidViewController.xib in Resources */ = {isa = PBXBuildFile; fileRef = 473D08D823245299004C24A9 /* PlaidViewController.xib */; };
		473D08E62325B786004C24A9 /* LoadingAccountsViewController.xib in Resources */ = {isa = PBXBuildFile; fileRef = 473D08DA2324529F004C24A9 /* LoadingAccountsViewController.xib */; };
		473D08E72325B836004C24A9 /* APIKeys.plist in Resources */ = {isa = PBXBuildFile; fileRef = 473D08A8232451E1004C24A9 /* APIKeys.plist */; };
		473D08E82325B836004C24A9 /* Categories.plist in Resources */ = {isa = PBXBuildFile; fileRef = 473D08D223245228004C24A9 /* Categories.plist */; };
		4743EAA622B6DE470046D6EA /* AppCoordinator.swift in Sources */ = {isa = PBXBuildFile; fileRef = 4743EAA522B6DE470046D6EA /* AppCoordinator.swift */; };
		4743EAA822B6E1020046D6EA /* Coordinator.swift in Sources */ = {isa = PBXBuildFile; fileRef = 4743EAA722B6E1020046D6EA /* Coordinator.swift */; };
		4743EAC122BC4AA90046D6EA /* OnboardingFlowCoordinator.swift in Sources */ = {isa = PBXBuildFile; fileRef = 4743EABB22BC4AA90046D6EA /* OnboardingFlowCoordinator.swift */; };
		4774311922C70C0200FBA11B /* PlaidLinkPresentor.swift in Sources */ = {isa = PBXBuildFile; fileRef = 4774311822C70C0200FBA11B /* PlaidLinkPresentor.swift */; };
		4795A61322D110B400292E8F /* CreateBudgetFormPresentor.swift in Sources */ = {isa = PBXBuildFile; fileRef = 4795A61022D110B300292E8F /* CreateBudgetFormPresentor.swift */; };
		4795A61422D110B400292E8F /* BudgetCategoriesPresentor.swift in Sources */ = {isa = PBXBuildFile; fileRef = 4795A61122D110B300292E8F /* BudgetCategoriesPresentor.swift */; };
		4795A61522D110B400292E8F /* SetSavingsPresentor.swift in Sources */ = {isa = PBXBuildFile; fileRef = 4795A61222D110B300292E8F /* SetSavingsPresentor.swift */; };
		4795A61B22D110C000292E8F /* StartPageViewController.swift in Sources */ = {isa = PBXBuildFile; fileRef = 4795A61722D110C000292E8F /* StartPageViewController.swift */; };
		4795A61C22D110C000292E8F /* BudgetCategoriesViewController.swift in Sources */ = {isa = PBXBuildFile; fileRef = 4795A61822D110C000292E8F /* BudgetCategoriesViewController.swift */; };
		4795A61D22D110C000292E8F /* SetSavingsViewController.swift in Sources */ = {isa = PBXBuildFile; fileRef = 4795A61922D110C000292E8F /* SetSavingsViewController.swift */; };
		4795A61E22D110C000292E8F /* CreateBudgetFormViewController.swift in Sources */ = {isa = PBXBuildFile; fileRef = 4795A61A22D110C000292E8F /* CreateBudgetFormViewController.swift */; };
		4795A62B22D112EC00292E8F /* CardViewController.swift in Sources */ = {isa = PBXBuildFile; fileRef = 4795A62A22D112EC00292E8F /* CardViewController.swift */; };
		47B9DE1A22D945C000434F4A /* CategoriesData.swift in Sources */ = {isa = PBXBuildFile; fileRef = 47B9DE1922D945C000434F4A /* CategoriesData.swift */; };
		47B9DE1E22D960E400434F4A /* CategoryTableViewCell.swift in Sources */ = {isa = PBXBuildFile; fileRef = 47B9DE1D22D960E400434F4A /* CategoryTableViewCell.swift */; };
		47B9DE2822E28E2A00434F4A /* SetSpendingLimitViewController.swift in Sources */ = {isa = PBXBuildFile; fileRef = 47B9DE2722E28E2A00434F4A /* SetSpendingLimitViewController.swift */; };
		47B9DE2D22E3B47100434F4A /* PlaidViewController.swift in Sources */ = {isa = PBXBuildFile; fileRef = 47B9DE2B22E3B47100434F4A /* PlaidViewController.swift */; };
		47BE457222C00DBC00FB9A31 /* PlaidProccesor.swift in Sources */ = {isa = PBXBuildFile; fileRef = 47BE456F22C00DBC00FB9A31 /* PlaidProccesor.swift */; };
		47BE457322C00DBC00FB9A31 /* PlaidConnection.swift in Sources */ = {isa = PBXBuildFile; fileRef = 47BE457022C00DBC00FB9A31 /* PlaidConnection.swift */; };
		47DDCCCA22A890DB0049E3A5 /* AppDelegate.swift in Sources */ = {isa = PBXBuildFile; fileRef = 47DDCCC922A890DB0049E3A5 /* AppDelegate.swift */; };
		47DDCCDF22A890E00049E3A5 /* ValU_TwoTests.swift in Sources */ = {isa = PBXBuildFile; fileRef = 47DDCCDE22A890E00049E3A5 /* ValU_TwoTests.swift */; };
		47DDCCEA22A890E00049E3A5 /* ValU_TwoUITests.swift in Sources */ = {isa = PBXBuildFile; fileRef = 47DDCCE922A890E00049E3A5 /* ValU_TwoUITests.swift */; };
		47EED5AA236F9B050052A211 /* HomeCoordinator.swift in Sources */ = {isa = PBXBuildFile; fileRef = 47EED5A9236F9B050052A211 /* HomeCoordinator.swift */; };
		47EED5B2236FB1400052A211 /* DashboardTabBarController.swift in Sources */ = {isa = PBXBuildFile; fileRef = 47EED5B0236FB1400052A211 /* DashboardTabBarController.swift */; };
		47EED5B3236FB1400052A211 /* DashboardTabBarController.xib in Resources */ = {isa = PBXBuildFile; fileRef = 47EED5B1236FB1400052A211 /* DashboardTabBarController.xib */; };
		47EED5BB2377657C0052A211 /* HomeViewController.swift in Sources */ = {isa = PBXBuildFile; fileRef = 47EED5B92377657C0052A211 /* HomeViewController.swift */; };
		47EED5BC2377657C0052A211 /* HomeViewController.xib in Resources */ = {isa = PBXBuildFile; fileRef = 47EED5BA2377657C0052A211 /* HomeViewController.xib */; };
		47EED5BE23776BD20052A211 /* Budget+CoreDataProperties.swift in Sources */ = {isa = PBXBuildFile; fileRef = 47EED5BD23776BD20052A211 /* Budget+CoreDataProperties.swift */; };
		47EED5C0237773A90052A211 /* HomeContainerViewController.swift in Sources */ = {isa = PBXBuildFile; fileRef = 47EED5BF237773A90052A211 /* HomeContainerViewController.swift */; };
		47EED5C2237775A20052A211 /* HomeContainerViewController.xib in Resources */ = {isa = PBXBuildFile; fileRef = 47EED5C1237775A20052A211 /* HomeContainerViewController.xib */; };
		47EED5C4237777C40052A211 /* HomeViewZeroState.xib in Resources */ = {isa = PBXBuildFile; fileRef = 47EED5C3237777C40052A211 /* HomeViewZeroState.xib */; };
		47EED5C623777BAB0052A211 /* HomeViewZeroStateViewController.swift in Sources */ = {isa = PBXBuildFile; fileRef = 47EED5C523777BAB0052A211 /* HomeViewZeroStateViewController.swift */; };
		47EED5C823778B920052A211 /* SwiftUITestView.swift in Sources */ = {isa = PBXBuildFile; fileRef = 47EED5C723778B920052A211 /* SwiftUITestView.swift */; };
		47EED5CA2378AE770052A211 /* HomePresentor.swift in Sources */ = {isa = PBXBuildFile; fileRef = 47EED5C92378AE760052A211 /* HomePresentor.swift */; };
		47EED5CC2378C20C0052A211 /* Transaction+CoreDataProperties.swift in Sources */ = {isa = PBXBuildFile; fileRef = 47EED5CB2378C20C0052A211 /* Transaction+CoreDataProperties.swift */; };
		554B096B8A89D3D9BBA9055E /* Pods_ValU_TwoTests.framework in Frameworks */ = {isa = PBXBuildFile; fileRef = 5ABCAA528B58D48AA6AF142E /* Pods_ValU_TwoTests.framework */; };
		745A1C9D86D7665686186136 /* Pods_ValU_TwoUITests.framework in Frameworks */ = {isa = PBXBuildFile; fileRef = 276F7743E43167502E0AD368 /* Pods_ValU_TwoUITests.framework */; };
		F37EFADA9F2F08A705CBBE02 /* Pods_ValU_Two.framework in Frameworks */ = {isa = PBXBuildFile; fileRef = 7E12898A13131670A5C0F61E /* Pods_ValU_Two.framework */; };
/* End PBXBuildFile section */

/* Begin PBXContainerItemProxy section */
		47DDCCDB22A890E00049E3A5 /* PBXContainerItemProxy */ = {
			isa = PBXContainerItemProxy;
			containerPortal = 47DDCCBE22A890DB0049E3A5 /* Project object */;
			proxyType = 1;
			remoteGlobalIDString = 47DDCCC522A890DB0049E3A5;
			remoteInfo = "ValU Two";
		};
		47DDCCE622A890E00049E3A5 /* PBXContainerItemProxy */ = {
			isa = PBXContainerItemProxy;
			containerPortal = 47DDCCBE22A890DB0049E3A5 /* Project object */;
			proxyType = 1;
			remoteGlobalIDString = 47DDCCC522A890DB0049E3A5;
			remoteInfo = "ValU Two";
		};
/* End PBXContainerItemProxy section */

/* Begin PBXFileReference section */
		02CB0933549AB52086057F90 /* Pods-ValU Two.release.xcconfig */ = {isa = PBXFileReference; includeInIndex = 1; lastKnownFileType = text.xcconfig; name = "Pods-ValU Two.release.xcconfig"; path = "Target Support Files/Pods-ValU Two/Pods-ValU Two.release.xcconfig"; sourceTree = "<group>"; };
		21ED67144E7F14461A336F22 /* Pods-ValU TwoUITests.release.xcconfig */ = {isa = PBXFileReference; includeInIndex = 1; lastKnownFileType = text.xcconfig; name = "Pods-ValU TwoUITests.release.xcconfig"; path = "Target Support Files/Pods-ValU TwoUITests/Pods-ValU TwoUITests.release.xcconfig"; sourceTree = "<group>"; };
		276F7743E43167502E0AD368 /* Pods_ValU_TwoUITests.framework */ = {isa = PBXFileReference; explicitFileType = wrapper.framework; includeInIndex = 0; path = Pods_ValU_TwoUITests.framework; sourceTree = BUILT_PRODUCTS_DIR; };
		3C06C0DA4483D20C5FACB36A /* Pods-ValU TwoUITests.debug.xcconfig */ = {isa = PBXFileReference; includeInIndex = 1; lastKnownFileType = text.xcconfig; name = "Pods-ValU TwoUITests.debug.xcconfig"; path = "Target Support Files/Pods-ValU TwoUITests/Pods-ValU TwoUITests.debug.xcconfig"; sourceTree = "<group>"; };
		473D0880231CA001004C24A9 /* ValU Two.xcdatamodel */ = {isa = PBXFileReference; lastKnownFileType = wrapper.xcdatamodel; path = "ValU Two.xcdatamodel"; sourceTree = "<group>"; };
		473D089C231D9019004C24A9 /* LoadingAccountsPresentor.swift */ = {isa = PBXFileReference; fileEncoding = 4; lastKnownFileType = sourcecode.swift; path = LoadingAccountsPresentor.swift; sourceTree = "<group>"; };
		473D089E231D9049004C24A9 /* LoadingAccountsViewController.swift */ = {isa = PBXFileReference; fileEncoding = 4; lastKnownFileType = sourcecode.swift; path = LoadingAccountsViewController.swift; sourceTree = "<group>"; };
		473D08A423232257004C24A9 /* CoreDataManager.swift */ = {isa = PBXFileReference; lastKnownFileType = sourcecode.swift; path = CoreDataManager.swift; sourceTree = "<group>"; };
		473D08A62323665B004C24A9 /* SetSpendingPresentor.swift */ = {isa = PBXFileReference; lastKnownFileType = sourcecode.swift; path = SetSpendingPresentor.swift; sourceTree = "<group>"; };
		473D08A8232451E1004C24A9 /* APIKeys.plist */ = {isa = PBXFileReference; fileEncoding = 4; lastKnownFileType = text.plist.xml; path = APIKeys.plist; sourceTree = "<group>"; };
		473D08AA232451EC004C24A9 /* PlaidParsing.swift */ = {isa = PBXFileReference; fileEncoding = 4; lastKnownFileType = sourcecode.swift; path = PlaidParsing.swift; sourceTree = "<group>"; };
		473D08AD232451FA004C24A9 /* Budget+CoreDataClass.swift */ = {isa = PBXFileReference; fileEncoding = 4; lastKnownFileType = sourcecode.swift; path = "Budget+CoreDataClass.swift"; sourceTree = "<group>"; };
		473D08AE232451FA004C24A9 /* AccountData+CoreDataClass.swift */ = {isa = PBXFileReference; fileEncoding = 4; lastKnownFileType = sourcecode.swift; path = "AccountData+CoreDataClass.swift"; sourceTree = "<group>"; };
		473D08AF232451FA004C24A9 /* Location+CoreDataClass.swift */ = {isa = PBXFileReference; fileEncoding = 4; lastKnownFileType = sourcecode.swift; path = "Location+CoreDataClass.swift"; sourceTree = "<group>"; };
		473D08B0232451FA004C24A9 /* BalanceData+CoreDataClass.swift */ = {isa = PBXFileReference; fileEncoding = 4; lastKnownFileType = sourcecode.swift; path = "BalanceData+CoreDataClass.swift"; sourceTree = "<group>"; };
		473D08B1232451FA004C24A9 /* Category+CoreDataClass.swift */ = {isa = PBXFileReference; fileEncoding = 4; lastKnownFileType = sourcecode.swift; path = "Category+CoreDataClass.swift"; sourceTree = "<group>"; };
		473D08B2232451FA004C24A9 /* Transaction+CoreDataClass.swift */ = {isa = PBXFileReference; fileEncoding = 4; lastKnownFileType = sourcecode.swift; path = "Transaction+CoreDataClass.swift"; sourceTree = "<group>"; };
		473D08B3232451FA004C24A9 /* ItemData+CoreDataClass.swift */ = {isa = PBXFileReference; fileEncoding = 4; lastKnownFileType = sourcecode.swift; path = "ItemData+CoreDataClass.swift"; sourceTree = "<group>"; };
		473D08B4232451FA004C24A9 /* User+CoreDataClass.swift */ = {isa = PBXFileReference; fileEncoding = 4; lastKnownFileType = sourcecode.swift; path = "User+CoreDataClass.swift"; sourceTree = "<group>"; };
		473D08B5232451FA004C24A9 /* SpendingCategory+CoreDataClass.swift */ = {isa = PBXFileReference; fileEncoding = 4; lastKnownFileType = sourcecode.swift; path = "SpendingCategory+CoreDataClass.swift"; sourceTree = "<group>"; };
		473D08C023245203004C24A9 /* Category+CoreDataProperties.swift */ = {isa = PBXFileReference; fileEncoding = 4; lastKnownFileType = sourcecode.swift; path = "Category+CoreDataProperties.swift"; sourceTree = "<group>"; };
		473D08C123245203004C24A9 /* Location+CoreDataProperties.swift */ = {isa = PBXFileReference; fileEncoding = 4; lastKnownFileType = sourcecode.swift; path = "Location+CoreDataProperties.swift"; sourceTree = "<group>"; };
		473D08C223245203004C24A9 /* SpendingCategory+CoreDataProperties.swift */ = {isa = PBXFileReference; fileEncoding = 4; lastKnownFileType = sourcecode.swift; path = "SpendingCategory+CoreDataProperties.swift"; sourceTree = "<group>"; };
		473D08C323245203004C24A9 /* ItemData+CoreDataProperties.swift */ = {isa = PBXFileReference; fileEncoding = 4; lastKnownFileType = sourcecode.swift; path = "ItemData+CoreDataProperties.swift"; sourceTree = "<group>"; };
		473D08C523245203004C24A9 /* User+CoreDataProperties.swift */ = {isa = PBXFileReference; fileEncoding = 4; lastKnownFileType = sourcecode.swift; path = "User+CoreDataProperties.swift"; sourceTree = "<group>"; };
		473D08C723245203004C24A9 /* AccountData+CoreDataProperties.swift */ = {isa = PBXFileReference; fileEncoding = 4; lastKnownFileType = sourcecode.swift; path = "AccountData+CoreDataProperties.swift"; sourceTree = "<group>"; };
		473D08C823245203004C24A9 /* BalanceData+CoreDataProperties.swift */ = {isa = PBXFileReference; fileEncoding = 4; lastKnownFileType = sourcecode.swift; path = "BalanceData+CoreDataProperties.swift"; sourceTree = "<group>"; };
		473D08D223245228004C24A9 /* Categories.plist */ = {isa = PBXFileReference; fileEncoding = 4; lastKnownFileType = text.plist.xml; path = Categories.plist; sourceTree = "<group>"; };
		473D08D42324522D004C24A9 /* Protocols.swift */ = {isa = PBXFileReference; fileEncoding = 4; lastKnownFileType = sourcecode.swift; path = Protocols.swift; sourceTree = "<group>"; };
		473D08D623245270004C24A9 /* ContainerViewController.swift */ = {isa = PBXFileReference; fileEncoding = 4; lastKnownFileType = sourcecode.swift; path = ContainerViewController.swift; sourceTree = "<group>"; };
		473D08D823245299004C24A9 /* PlaidViewController.xib */ = {isa = PBXFileReference; fileEncoding = 4; lastKnownFileType = file.xib; path = PlaidViewController.xib; sourceTree = "<group>"; };
		473D08DA2324529F004C24A9 /* LoadingAccountsViewController.xib */ = {isa = PBXFileReference; fileEncoding = 4; lastKnownFileType = file.xib; path = LoadingAccountsViewController.xib; sourceTree = "<group>"; };
		4743EAA522B6DE470046D6EA /* AppCoordinator.swift */ = {isa = PBXFileReference; lastKnownFileType = sourcecode.swift; path = AppCoordinator.swift; sourceTree = "<group>"; };
		4743EAA722B6E1020046D6EA /* Coordinator.swift */ = {isa = PBXFileReference; lastKnownFileType = sourcecode.swift; path = Coordinator.swift; sourceTree = "<group>"; };
		4743EABB22BC4AA90046D6EA /* OnboardingFlowCoordinator.swift */ = {isa = PBXFileReference; fileEncoding = 4; lastKnownFileType = sourcecode.swift; path = OnboardingFlowCoordinator.swift; sourceTree = "<group>"; };
		4774311822C70C0200FBA11B /* PlaidLinkPresentor.swift */ = {isa = PBXFileReference; lastKnownFileType = sourcecode.swift; path = PlaidLinkPresentor.swift; sourceTree = "<group>"; };
		4795A61022D110B300292E8F /* CreateBudgetFormPresentor.swift */ = {isa = PBXFileReference; fileEncoding = 4; lastKnownFileType = sourcecode.swift; path = CreateBudgetFormPresentor.swift; sourceTree = "<group>"; };
		4795A61122D110B300292E8F /* BudgetCategoriesPresentor.swift */ = {isa = PBXFileReference; fileEncoding = 4; lastKnownFileType = sourcecode.swift; path = BudgetCategoriesPresentor.swift; sourceTree = "<group>"; };
		4795A61222D110B300292E8F /* SetSavingsPresentor.swift */ = {isa = PBXFileReference; fileEncoding = 4; lastKnownFileType = sourcecode.swift; path = SetSavingsPresentor.swift; sourceTree = "<group>"; };
		4795A61722D110C000292E8F /* StartPageViewController.swift */ = {isa = PBXFileReference; fileEncoding = 4; lastKnownFileType = sourcecode.swift; path = StartPageViewController.swift; sourceTree = "<group>"; };
		4795A61822D110C000292E8F /* BudgetCategoriesViewController.swift */ = {isa = PBXFileReference; fileEncoding = 4; lastKnownFileType = sourcecode.swift; path = BudgetCategoriesViewController.swift; sourceTree = "<group>"; };
		4795A61922D110C000292E8F /* SetSavingsViewController.swift */ = {isa = PBXFileReference; fileEncoding = 4; lastKnownFileType = sourcecode.swift; path = SetSavingsViewController.swift; sourceTree = "<group>"; };
		4795A61A22D110C000292E8F /* CreateBudgetFormViewController.swift */ = {isa = PBXFileReference; fileEncoding = 4; lastKnownFileType = sourcecode.swift; path = CreateBudgetFormViewController.swift; sourceTree = "<group>"; };
		4795A62022D110C600292E8F /* SetSavingsView.xib */ = {isa = PBXFileReference; fileEncoding = 4; lastKnownFileType = file.xib; path = SetSavingsView.xib; sourceTree = "<group>"; };
		4795A62222D110C600292E8F /* ContainerViewController.xib */ = {isa = PBXFileReference; fileEncoding = 4; lastKnownFileType = file.xib; path = ContainerViewController.xib; sourceTree = "<group>"; };
		4795A62322D110C600292E8F /* CreateBudgetFormView.xib */ = {isa = PBXFileReference; fileEncoding = 4; lastKnownFileType = file.xib; path = CreateBudgetFormView.xib; sourceTree = "<group>"; };
		4795A62422D110C600292E8F /* StartPageViewController.xib */ = {isa = PBXFileReference; fileEncoding = 4; lastKnownFileType = file.xib; path = StartPageViewController.xib; sourceTree = "<group>"; };
		4795A62A22D112EC00292E8F /* CardViewController.swift */ = {isa = PBXFileReference; lastKnownFileType = sourcecode.swift; path = CardViewController.swift; sourceTree = "<group>"; };
		47B9DE1922D945C000434F4A /* CategoriesData.swift */ = {isa = PBXFileReference; lastKnownFileType = sourcecode.swift; path = CategoriesData.swift; sourceTree = "<group>"; };
		47B9DE1D22D960E400434F4A /* CategoryTableViewCell.swift */ = {isa = PBXFileReference; lastKnownFileType = sourcecode.swift; path = CategoryTableViewCell.swift; sourceTree = "<group>"; };
		47B9DE1F22DB974F00434F4A /* BudgetCategories.xib */ = {isa = PBXFileReference; lastKnownFileType = file.xib; path = BudgetCategories.xib; sourceTree = "<group>"; };
		47B9DE2522E28CE400434F4A /* SetSpendingLimits.xib */ = {isa = PBXFileReference; lastKnownFileType = file.xib; path = SetSpendingLimits.xib; sourceTree = "<group>"; };
		47B9DE2722E28E2A00434F4A /* SetSpendingLimitViewController.swift */ = {isa = PBXFileReference; lastKnownFileType = sourcecode.swift; path = SetSpendingLimitViewController.swift; sourceTree = "<group>"; };
		47B9DE2922E2998500434F4A /* SpendingLimitCell.xib */ = {isa = PBXFileReference; lastKnownFileType = file.xib; path = SpendingLimitCell.xib; sourceTree = "<group>"; };
		47B9DE2B22E3B47100434F4A /* PlaidViewController.swift */ = {isa = PBXFileReference; lastKnownFileType = sourcecode.swift; path = PlaidViewController.swift; sourceTree = "<group>"; };
		47BE456F22C00DBC00FB9A31 /* PlaidProccesor.swift */ = {isa = PBXFileReference; fileEncoding = 4; lastKnownFileType = sourcecode.swift; path = PlaidProccesor.swift; sourceTree = "<group>"; };
		47BE457022C00DBC00FB9A31 /* PlaidConnection.swift */ = {isa = PBXFileReference; fileEncoding = 4; lastKnownFileType = sourcecode.swift; path = PlaidConnection.swift; sourceTree = "<group>"; };
		47DDCCC622A890DB0049E3A5 /* ValU Two.app */ = {isa = PBXFileReference; explicitFileType = wrapper.application; includeInIndex = 0; path = "ValU Two.app"; sourceTree = BUILT_PRODUCTS_DIR; };
		47DDCCC922A890DB0049E3A5 /* AppDelegate.swift */ = {isa = PBXFileReference; lastKnownFileType = sourcecode.swift; path = AppDelegate.swift; sourceTree = "<group>"; };
		47DDCCD022A890E00049E3A5 /* Assets.xcassets */ = {isa = PBXFileReference; lastKnownFileType = folder.assetcatalog; path = Assets.xcassets; sourceTree = "<group>"; };
		47DDCCD322A890E00049E3A5 /* Base */ = {isa = PBXFileReference; lastKnownFileType = file.storyboard; name = Base; path = Base.lproj/LaunchScreen.storyboard; sourceTree = "<group>"; };
		47DDCCD522A890E00049E3A5 /* Info.plist */ = {isa = PBXFileReference; lastKnownFileType = text.plist.xml; path = Info.plist; sourceTree = "<group>"; };
		47DDCCDA22A890E00049E3A5 /* ValU TwoTests.xctest */ = {isa = PBXFileReference; explicitFileType = wrapper.cfbundle; includeInIndex = 0; path = "ValU TwoTests.xctest"; sourceTree = BUILT_PRODUCTS_DIR; };
		47DDCCDE22A890E00049E3A5 /* ValU_TwoTests.swift */ = {isa = PBXFileReference; lastKnownFileType = sourcecode.swift; path = ValU_TwoTests.swift; sourceTree = "<group>"; };
		47DDCCE022A890E00049E3A5 /* Info.plist */ = {isa = PBXFileReference; lastKnownFileType = text.plist.xml; path = Info.plist; sourceTree = "<group>"; };
		47DDCCE522A890E00049E3A5 /* ValU TwoUITests.xctest */ = {isa = PBXFileReference; explicitFileType = wrapper.cfbundle; includeInIndex = 0; path = "ValU TwoUITests.xctest"; sourceTree = BUILT_PRODUCTS_DIR; };
		47DDCCE922A890E00049E3A5 /* ValU_TwoUITests.swift */ = {isa = PBXFileReference; lastKnownFileType = sourcecode.swift; path = ValU_TwoUITests.swift; sourceTree = "<group>"; };
		47DDCCEB22A890E00049E3A5 /* Info.plist */ = {isa = PBXFileReference; lastKnownFileType = text.plist.xml; path = Info.plist; sourceTree = "<group>"; };
		47EED5A9236F9B050052A211 /* HomeCoordinator.swift */ = {isa = PBXFileReference; lastKnownFileType = sourcecode.swift; path = HomeCoordinator.swift; sourceTree = "<group>"; };
		47EED5B0236FB1400052A211 /* DashboardTabBarController.swift */ = {isa = PBXFileReference; lastKnownFileType = sourcecode.swift; path = DashboardTabBarController.swift; sourceTree = "<group>"; };
		47EED5B1236FB1400052A211 /* DashboardTabBarController.xib */ = {isa = PBXFileReference; lastKnownFileType = file.xib; path = DashboardTabBarController.xib; sourceTree = "<group>"; };
		47EED5B92377657C0052A211 /* HomeViewController.swift */ = {isa = PBXFileReference; lastKnownFileType = sourcecode.swift; path = HomeViewController.swift; sourceTree = "<group>"; };
		47EED5BA2377657C0052A211 /* HomeViewController.xib */ = {isa = PBXFileReference; lastKnownFileType = file.xib; path = HomeViewController.xib; sourceTree = "<group>"; };
		47EED5BD23776BD20052A211 /* Budget+CoreDataProperties.swift */ = {isa = PBXFileReference; lastKnownFileType = sourcecode.swift; name = "Budget+CoreDataProperties.swift"; path = "/Users/claytonwilson/Documents/programming_projects.nosync/ValU-Two/ValU Two/Models/CoreDataModels/Budget+CoreDataProperties.swift"; sourceTree = "<absolute>"; };
		47EED5BF237773A90052A211 /* HomeContainerViewController.swift */ = {isa = PBXFileReference; lastKnownFileType = sourcecode.swift; path = HomeContainerViewController.swift; sourceTree = "<group>"; };
		47EED5C1237775A20052A211 /* HomeContainerViewController.xib */ = {isa = PBXFileReference; lastKnownFileType = file.xib; path = HomeContainerViewController.xib; sourceTree = "<group>"; };
		47EED5C3237777C40052A211 /* HomeViewZeroState.xib */ = {isa = PBXFileReference; lastKnownFileType = file.xib; path = HomeViewZeroState.xib; sourceTree = "<group>"; };
		47EED5C523777BAB0052A211 /* HomeViewZeroStateViewController.swift */ = {isa = PBXFileReference; lastKnownFileType = sourcecode.swift; path = HomeViewZeroStateViewController.swift; sourceTree = "<group>"; };
		47EED5C723778B920052A211 /* SwiftUITestView.swift */ = {isa = PBXFileReference; lastKnownFileType = sourcecode.swift; path = SwiftUITestView.swift; sourceTree = "<group>"; };
		47EED5C92378AE760052A211 /* HomePresentor.swift */ = {isa = PBXFileReference; lastKnownFileType = sourcecode.swift; path = HomePresentor.swift; sourceTree = "<group>"; };
		47EED5CB2378C20C0052A211 /* Transaction+CoreDataProperties.swift */ = {isa = PBXFileReference; lastKnownFileType = sourcecode.swift; name = "Transaction+CoreDataProperties.swift"; path = "../../Transaction+CoreDataProperties.swift"; sourceTree = "<group>"; };
		5ABCAA528B58D48AA6AF142E /* Pods_ValU_TwoTests.framework */ = {isa = PBXFileReference; explicitFileType = wrapper.framework; includeInIndex = 0; path = Pods_ValU_TwoTests.framework; sourceTree = BUILT_PRODUCTS_DIR; };
		5B6157E9917879C99D71879E /* Pods-ValU Two.debug.xcconfig */ = {isa = PBXFileReference; includeInIndex = 1; lastKnownFileType = text.xcconfig; name = "Pods-ValU Two.debug.xcconfig"; path = "Target Support Files/Pods-ValU Two/Pods-ValU Two.debug.xcconfig"; sourceTree = "<group>"; };
		748C8B11CED7054383845D1F /* Pods-ValU TwoTests.release.xcconfig */ = {isa = PBXFileReference; includeInIndex = 1; lastKnownFileType = text.xcconfig; name = "Pods-ValU TwoTests.release.xcconfig"; path = "Target Support Files/Pods-ValU TwoTests/Pods-ValU TwoTests.release.xcconfig"; sourceTree = "<group>"; };
		7E12898A13131670A5C0F61E /* Pods_ValU_Two.framework */ = {isa = PBXFileReference; explicitFileType = wrapper.framework; includeInIndex = 0; path = Pods_ValU_Two.framework; sourceTree = BUILT_PRODUCTS_DIR; };
		91559C1E1523FF7F6A61EA3C /* Pods-ValU TwoTests.debug.xcconfig */ = {isa = PBXFileReference; includeInIndex = 1; lastKnownFileType = text.xcconfig; name = "Pods-ValU TwoTests.debug.xcconfig"; path = "Target Support Files/Pods-ValU TwoTests/Pods-ValU TwoTests.debug.xcconfig"; sourceTree = "<group>"; };
/* End PBXFileReference section */

/* Begin PBXFrameworksBuildPhase section */
		47DDCCC322A890DB0049E3A5 /* Frameworks */ = {
			isa = PBXFrameworksBuildPhase;
			buildActionMask = 2147483647;
			files = (
				F37EFADA9F2F08A705CBBE02 /* Pods_ValU_Two.framework in Frameworks */,
			);
			runOnlyForDeploymentPostprocessing = 0;
		};
		47DDCCD722A890E00049E3A5 /* Frameworks */ = {
			isa = PBXFrameworksBuildPhase;
			buildActionMask = 2147483647;
			files = (
				554B096B8A89D3D9BBA9055E /* Pods_ValU_TwoTests.framework in Frameworks */,
			);
			runOnlyForDeploymentPostprocessing = 0;
		};
		47DDCCE222A890E00049E3A5 /* Frameworks */ = {
			isa = PBXFrameworksBuildPhase;
			buildActionMask = 2147483647;
			files = (
				745A1C9D86D7665686186136 /* Pods_ValU_TwoUITests.framework in Frameworks */,
			);
			runOnlyForDeploymentPostprocessing = 0;
		};
/* End PBXFrameworksBuildPhase section */

/* Begin PBXGroup section */
		473D08AC232451FA004C24A9 /* ModelInteractors */ = {
			isa = PBXGroup;
			children = (
				473D08AD232451FA004C24A9 /* Budget+CoreDataClass.swift */,
				473D08AE232451FA004C24A9 /* AccountData+CoreDataClass.swift */,
				473D08AF232451FA004C24A9 /* Location+CoreDataClass.swift */,
				473D08B0232451FA004C24A9 /* BalanceData+CoreDataClass.swift */,
				473D08B1232451FA004C24A9 /* Category+CoreDataClass.swift */,
				473D08B2232451FA004C24A9 /* Transaction+CoreDataClass.swift */,
				473D08B3232451FA004C24A9 /* ItemData+CoreDataClass.swift */,
				473D08B4232451FA004C24A9 /* User+CoreDataClass.swift */,
				473D08B5232451FA004C24A9 /* SpendingCategory+CoreDataClass.swift */,
			);
			path = ModelInteractors;
			sourceTree = "<group>";
		};
		473D08BF23245203004C24A9 /* CoreDataModels */ = {
			isa = PBXGroup;
			children = (
				473D08C023245203004C24A9 /* Category+CoreDataProperties.swift */,
				473D08C123245203004C24A9 /* Location+CoreDataProperties.swift */,
				47EED5BD23776BD20052A211 /* Budget+CoreDataProperties.swift */,
				473D08C223245203004C24A9 /* SpendingCategory+CoreDataProperties.swift */,
				473D08C323245203004C24A9 /* ItemData+CoreDataProperties.swift */,
				473D08C523245203004C24A9 /* User+CoreDataProperties.swift */,
				47EED5CB2378C20C0052A211 /* Transaction+CoreDataProperties.swift */,
				473D08C723245203004C24A9 /* AccountData+CoreDataProperties.swift */,
				473D08C823245203004C24A9 /* BalanceData+CoreDataProperties.swift */,
			);
			name = CoreDataModels;
			path = "ValU Two/Models/CoreDataModels";
			sourceTree = SOURCE_ROOT;
		};
		4743EAB622BC4AA90046D6EA /* Onboarding */ = {
			isa = PBXGroup;
			children = (
				4795A61F22D110C600292E8F /* views */,
				4795A61622D110C000292E8F /* ViewControllers */,
				4795A60F22D110B300292E8F /* presentors */,
				4743EABB22BC4AA90046D6EA /* OnboardingFlowCoordinator.swift */,
			);
			path = Onboarding;
			sourceTree = "<group>";
		};
		4795A60F22D110B300292E8F /* presentors */ = {
			isa = PBXGroup;
			children = (
				4795A61022D110B300292E8F /* CreateBudgetFormPresentor.swift */,
				473D089C231D9019004C24A9 /* LoadingAccountsPresentor.swift */,
				4795A61122D110B300292E8F /* BudgetCategoriesPresentor.swift */,
				4795A61222D110B300292E8F /* SetSavingsPresentor.swift */,
				473D08A62323665B004C24A9 /* SetSpendingPresentor.swift */,
			);
			path = presentors;
			sourceTree = "<group>";
		};
		4795A61622D110C000292E8F /* ViewControllers */ = {
			isa = PBXGroup;
			children = (
				4795A61722D110C000292E8F /* StartPageViewController.swift */,
				4795A61822D110C000292E8F /* BudgetCategoriesViewController.swift */,
				4795A61922D110C000292E8F /* SetSavingsViewController.swift */,
				473D08D623245270004C24A9 /* ContainerViewController.swift */,
				473D089E231D9049004C24A9 /* LoadingAccountsViewController.swift */,
				4795A61A22D110C000292E8F /* CreateBudgetFormViewController.swift */,
				4795A62A22D112EC00292E8F /* CardViewController.swift */,
				47B9DE1D22D960E400434F4A /* CategoryTableViewCell.swift */,
				47B9DE2B22E3B47100434F4A /* PlaidViewController.swift */,
				47B9DE2722E28E2A00434F4A /* SetSpendingLimitViewController.swift */,
			);
			path = ViewControllers;
			sourceTree = "<group>";
		};
		4795A61F22D110C600292E8F /* views */ = {
			isa = PBXGroup;
			children = (
				4795A62022D110C600292E8F /* SetSavingsView.xib */,
				4795A62222D110C600292E8F /* ContainerViewController.xib */,
				47B9DE1F22DB974F00434F4A /* BudgetCategories.xib */,
				4795A62322D110C600292E8F /* CreateBudgetFormView.xib */,
				47B9DE2522E28CE400434F4A /* SetSpendingLimits.xib */,
				4795A62422D110C600292E8F /* StartPageViewController.xib */,
				47B9DE2922E2998500434F4A /* SpendingLimitCell.xib */,
				473D08D823245299004C24A9 /* PlaidViewController.xib */,
				473D08DA2324529F004C24A9 /* LoadingAccountsViewController.xib */,
			);
			path = views;
			sourceTree = "<group>";
		};
		47BE456D22C00DBC00FB9A31 /* Plaid */ = {
			isa = PBXGroup;
			children = (
				4774311822C70C0200FBA11B /* PlaidLinkPresentor.swift */,
				473D08AA232451EC004C24A9 /* PlaidParsing.swift */,
				47BE456F22C00DBC00FB9A31 /* PlaidProccesor.swift */,
				473D08A8232451E1004C24A9 /* APIKeys.plist */,
				47BE457022C00DBC00FB9A31 /* PlaidConnection.swift */,
			);
			path = Plaid;
			sourceTree = "<group>";
		};
		47BE457422C00E5400FB9A31 /* Models */ = {
			isa = PBXGroup;
			children = (
				473D087F231CA001004C24A9 /* ValU Two.xcdatamodeld */,
				47B9DE1922D945C000434F4A /* CategoriesData.swift */,
				473D08A423232257004C24A9 /* CoreDataManager.swift */,
				473D08BF23245203004C24A9 /* CoreDataModels */,
				473D08AC232451FA004C24A9 /* ModelInteractors */,
			);
			path = Models;
			sourceTree = "<group>";
		};
		47DDCCBD22A890DB0049E3A5 = {
			isa = PBXGroup;
			children = (
				47DDCCC822A890DB0049E3A5 /* ValU Two */,
				47DDCCDD22A890E00049E3A5 /* ValU TwoTests */,
				47DDCCE822A890E00049E3A5 /* ValU TwoUITests */,
				47DDCCC722A890DB0049E3A5 /* Products */,
				D7196FC0E055B0C71A51CDE9 /* Pods */,
				DF97B3E7E6B476F866FFF939 /* Frameworks */,
			);
			sourceTree = "<group>";
		};
		47DDCCC722A890DB0049E3A5 /* Products */ = {
			isa = PBXGroup;
			children = (
				47DDCCC622A890DB0049E3A5 /* ValU Two.app */,
				47DDCCDA22A890E00049E3A5 /* ValU TwoTests.xctest */,
				47DDCCE522A890E00049E3A5 /* ValU TwoUITests.xctest */,
			);
			name = Products;
			sourceTree = "<group>";
		};
		47DDCCC822A890DB0049E3A5 /* ValU Two */ = {
			isa = PBXGroup;
			children = (
				47BE457422C00E5400FB9A31 /* Models */,
				47BE456D22C00DBC00FB9A31 /* Plaid */,
				4743EAB622BC4AA90046D6EA /* Onboarding */,
				47EED5A8236F9AAF0052A211 /* Dashboard */,
				47DDCCC922A890DB0049E3A5 /* AppDelegate.swift */,
				4743EAA522B6DE470046D6EA /* AppCoordinator.swift */,
				473D08D42324522D004C24A9 /* Protocols.swift */,
				473D08D223245228004C24A9 /* Categories.plist */,
				4743EAA722B6E1020046D6EA /* Coordinator.swift */,
				47DDCCD022A890E00049E3A5 /* Assets.xcassets */,
				47DDCCD222A890E00049E3A5 /* LaunchScreen.storyboard */,
				47DDCCD522A890E00049E3A5 /* Info.plist */,
			);
			path = "ValU Two";
			sourceTree = "<group>";
		};
		47DDCCDD22A890E00049E3A5 /* ValU TwoTests */ = {
			isa = PBXGroup;
			children = (
				47DDCCDE22A890E00049E3A5 /* ValU_TwoTests.swift */,
				47DDCCE022A890E00049E3A5 /* Info.plist */,
			);
			path = "ValU TwoTests";
			sourceTree = "<group>";
		};
		47DDCCE822A890E00049E3A5 /* ValU TwoUITests */ = {
			isa = PBXGroup;
			children = (
				47DDCCE922A890E00049E3A5 /* ValU_TwoUITests.swift */,
				47DDCCEB22A890E00049E3A5 /* Info.plist */,
			);
			path = "ValU TwoUITests";
			sourceTree = "<group>";
		};
		47EED5A8236F9AAF0052A211 /* Dashboard */ = {
			isa = PBXGroup;
			children = (
				47EED5A9236F9B050052A211 /* HomeCoordinator.swift */,
				47EED5C92378AE760052A211 /* HomePresentor.swift */,
				47EED5C723778B920052A211 /* SwiftUITestView.swift */,
				47EED5B92377657C0052A211 /* HomeViewController.swift */,
				47EED5BF237773A90052A211 /* HomeContainerViewController.swift */,
				47EED5C523777BAB0052A211 /* HomeViewZeroStateViewController.swift */,
				47EED5BA2377657C0052A211 /* HomeViewController.xib */,
				47EED5C1237775A20052A211 /* HomeContainerViewController.xib */,
				47EED5C3237777C40052A211 /* HomeViewZeroState.xib */,
				47EED5B0236FB1400052A211 /* DashboardTabBarController.swift */,
				47EED5B1236FB1400052A211 /* DashboardTabBarController.xib */,
			);
			path = Dashboard;
			sourceTree = "<group>";
		};
		D7196FC0E055B0C71A51CDE9 /* Pods */ = {
			isa = PBXGroup;
			children = (
				5B6157E9917879C99D71879E /* Pods-ValU Two.debug.xcconfig */,
				02CB0933549AB52086057F90 /* Pods-ValU Two.release.xcconfig */,
				91559C1E1523FF7F6A61EA3C /* Pods-ValU TwoTests.debug.xcconfig */,
				748C8B11CED7054383845D1F /* Pods-ValU TwoTests.release.xcconfig */,
				3C06C0DA4483D20C5FACB36A /* Pods-ValU TwoUITests.debug.xcconfig */,
				21ED67144E7F14461A336F22 /* Pods-ValU TwoUITests.release.xcconfig */,
			);
			path = Pods;
			sourceTree = "<group>";
		};
		DF97B3E7E6B476F866FFF939 /* Frameworks */ = {
			isa = PBXGroup;
			children = (
				7E12898A13131670A5C0F61E /* Pods_ValU_Two.framework */,
				5ABCAA528B58D48AA6AF142E /* Pods_ValU_TwoTests.framework */,
				276F7743E43167502E0AD368 /* Pods_ValU_TwoUITests.framework */,
			);
			name = Frameworks;
			sourceTree = "<group>";
		};
/* End PBXGroup section */

/* Begin PBXNativeTarget section */
		47DDCCC522A890DB0049E3A5 /* ValU Two */ = {
			isa = PBXNativeTarget;
			buildConfigurationList = 47DDCCEE22A890E00049E3A5 /* Build configuration list for PBXNativeTarget "ValU Two" */;
			buildPhases = (
				87862BD4CD79A8A4160D131B /* [CP] Check Pods Manifest.lock */,
				47DDCCC222A890DB0049E3A5 /* Sources */,
				47DDCCC322A890DB0049E3A5 /* Frameworks */,
				47DDCCC422A890DB0049E3A5 /* Resources */,
				47014322F3C246D85185A65B /* [CP] Embed Pods Frameworks */,
				47267CD322AC354700F93535 /* Prepare For Distribution */,
			);
			buildRules = (
			);
			dependencies = (
			);
			name = "ValU Two";
			productName = "ValU Two";
			productReference = 47DDCCC622A890DB0049E3A5 /* ValU Two.app */;
			productType = "com.apple.product-type.application";
		};
		47DDCCD922A890E00049E3A5 /* ValU TwoTests */ = {
			isa = PBXNativeTarget;
			buildConfigurationList = 47DDCCF122A890E00049E3A5 /* Build configuration list for PBXNativeTarget "ValU TwoTests" */;
			buildPhases = (
				3CD9B8C7FCAF0663004EE45F /* [CP] Check Pods Manifest.lock */,
				47DDCCD622A890E00049E3A5 /* Sources */,
				47DDCCD722A890E00049E3A5 /* Frameworks */,
				47DDCCD822A890E00049E3A5 /* Resources */,
			);
			buildRules = (
			);
			dependencies = (
				47DDCCDC22A890E00049E3A5 /* PBXTargetDependency */,
			);
			name = "ValU TwoTests";
			productName = "ValU TwoTests";
			productReference = 47DDCCDA22A890E00049E3A5 /* ValU TwoTests.xctest */;
			productType = "com.apple.product-type.bundle.unit-test";
		};
		47DDCCE422A890E00049E3A5 /* ValU TwoUITests */ = {
			isa = PBXNativeTarget;
			buildConfigurationList = 47DDCCF422A890E00049E3A5 /* Build configuration list for PBXNativeTarget "ValU TwoUITests" */;
			buildPhases = (
				6DA051C69DB94C2CAF0AA27A /* [CP] Check Pods Manifest.lock */,
				47DDCCE122A890E00049E3A5 /* Sources */,
				47DDCCE222A890E00049E3A5 /* Frameworks */,
				47DDCCE322A890E00049E3A5 /* Resources */,
			);
			buildRules = (
			);
			dependencies = (
				47DDCCE722A890E00049E3A5 /* PBXTargetDependency */,
			);
			name = "ValU TwoUITests";
			productName = "ValU TwoUITests";
			productReference = 47DDCCE522A890E00049E3A5 /* ValU TwoUITests.xctest */;
			productType = "com.apple.product-type.bundle.ui-testing";
		};
/* End PBXNativeTarget section */

/* Begin PBXProject section */
		47DDCCBE22A890DB0049E3A5 /* Project object */ = {
			isa = PBXProject;
			attributes = {
				LastSwiftUpdateCheck = 1020;
				LastUpgradeCheck = 1020;
				ORGANIZATIONNAME = "Clayton Wilson";
				TargetAttributes = {
					47DDCCC522A890DB0049E3A5 = {
						CreatedOnToolsVersion = 10.2.1;
						LastSwiftMigration = 1120;
					};
					47DDCCD922A890E00049E3A5 = {
						CreatedOnToolsVersion = 10.2.1;
						TestTargetID = 47DDCCC522A890DB0049E3A5;
					};
					47DDCCE422A890E00049E3A5 = {
						CreatedOnToolsVersion = 10.2.1;
						TestTargetID = 47DDCCC522A890DB0049E3A5;
					};
				};
			};
			buildConfigurationList = 47DDCCC122A890DB0049E3A5 /* Build configuration list for PBXProject "ValU Two" */;
			compatibilityVersion = "Xcode 9.3";
			developmentRegion = en;
			hasScannedForEncodings = 0;
			knownRegions = (
				en,
				Base,
			);
			mainGroup = 47DDCCBD22A890DB0049E3A5;
			productRefGroup = 47DDCCC722A890DB0049E3A5 /* Products */;
			projectDirPath = "";
			projectRoot = "";
			targets = (
				47DDCCC522A890DB0049E3A5 /* ValU Two */,
				47DDCCD922A890E00049E3A5 /* ValU TwoTests */,
				47DDCCE422A890E00049E3A5 /* ValU TwoUITests */,
			);
		};
/* End PBXProject section */

/* Begin PBXResourcesBuildPhase section */
		47DDCCC422A890DB0049E3A5 /* Resources */ = {
			isa = PBXResourcesBuildPhase;
			buildActionMask = 2147483647;
			files = (
				473D08E72325B836004C24A9 /* APIKeys.plist in Resources */,
				473D08E82325B836004C24A9 /* Categories.plist in Resources */,
				47EED5BC2377657C0052A211 /* HomeViewController.xib in Resources */,
				473D08DE2325B786004C24A9 /* SetSavingsView.xib in Resources */,
				473D08DF2325B786004C24A9 /* ContainerViewController.xib in Resources */,
				473D08E02325B786004C24A9 /* BudgetCategories.xib in Resources */,
				473D08E12325B786004C24A9 /* CreateBudgetFormView.xib in Resources */,
				47EED5C2237775A20052A211 /* HomeContainerViewController.xib in Resources */,
				47EED5B3236FB1400052A211 /* DashboardTabBarController.xib in Resources */,
				473D08E22325B786004C24A9 /* SetSpendingLimits.xib in Resources */,
				473D08E32325B786004C24A9 /* StartPageViewController.xib in Resources */,
				473D08E42325B786004C24A9 /* SpendingLimitCell.xib in Resources */,
				473D08E52325B786004C24A9 /* PlaidViewController.xib in Resources */,
				47EED5C4237777C40052A211 /* HomeViewZeroState.xib in Resources */,
				473D08E62325B786004C24A9 /* LoadingAccountsViewController.xib in Resources */,
			);
			runOnlyForDeploymentPostprocessing = 0;
		};
		47DDCCD822A890E00049E3A5 /* Resources */ = {
			isa = PBXResourcesBuildPhase;
			buildActionMask = 2147483647;
			files = (
			);
			runOnlyForDeploymentPostprocessing = 0;
		};
		47DDCCE322A890E00049E3A5 /* Resources */ = {
			isa = PBXResourcesBuildPhase;
			buildActionMask = 2147483647;
			files = (
			);
			runOnlyForDeploymentPostprocessing = 0;
		};
/* End PBXResourcesBuildPhase section */

/* Begin PBXShellScriptBuildPhase section */
		3CD9B8C7FCAF0663004EE45F /* [CP] Check Pods Manifest.lock */ = {
			isa = PBXShellScriptBuildPhase;
			buildActionMask = 2147483647;
			files = (
			);
			inputFileListPaths = (
			);
			inputPaths = (
				"${PODS_PODFILE_DIR_PATH}/Podfile.lock",
				"${PODS_ROOT}/Manifest.lock",
			);
			name = "[CP] Check Pods Manifest.lock";
			outputFileListPaths = (
			);
			outputPaths = (
				"$(DERIVED_FILE_DIR)/Pods-ValU TwoTests-checkManifestLockResult.txt",
			);
			runOnlyForDeploymentPostprocessing = 0;
			shellPath = /bin/sh;
			shellScript = "diff \"${PODS_PODFILE_DIR_PATH}/Podfile.lock\" \"${PODS_ROOT}/Manifest.lock\" > /dev/null\nif [ $? != 0 ] ; then\n    # print error to STDERR\n    echo \"error: The sandbox is not in sync with the Podfile.lock. Run 'pod install' or update your CocoaPods installation.\" >&2\n    exit 1\nfi\n# This output is used by Xcode 'outputs' to avoid re-running this script phase.\necho \"SUCCESS\" > \"${SCRIPT_OUTPUT_FILE_0}\"\n";
			showEnvVarsInLog = 0;
		};
		47014322F3C246D85185A65B /* [CP] Embed Pods Frameworks */ = {
			isa = PBXShellScriptBuildPhase;
			buildActionMask = 2147483647;
			files = (
			);
			inputFileListPaths = (
				"${PODS_ROOT}/Target Support Files/Pods-ValU Two/Pods-ValU Two-frameworks-${CONFIGURATION}-input-files.xcfilelist",
			);
			name = "[CP] Embed Pods Frameworks";
			outputFileListPaths = (
				"${PODS_ROOT}/Target Support Files/Pods-ValU Two/Pods-ValU Two-frameworks-${CONFIGURATION}-output-files.xcfilelist",
			);
			runOnlyForDeploymentPostprocessing = 0;
			shellPath = /bin/sh;
			shellScript = "\"${PODS_ROOT}/Target Support Files/Pods-ValU Two/Pods-ValU Two-frameworks.sh\"\n";
			showEnvVarsInLog = 0;
		};
		47267CD322AC354700F93535 /* Prepare For Distribution */ = {
			isa = PBXShellScriptBuildPhase;
			buildActionMask = 2147483647;
			files = (
			);
			inputFileListPaths = (
			);
			inputPaths = (
			);
			name = "Prepare For Distribution";
			outputFileListPaths = (
			);
			outputPaths = (
			);
			runOnlyForDeploymentPostprocessing = 0;
			shellPath = /bin/sh;
			shellScript = "LINK_ROOT=${PODS_ROOT:+$PODS_ROOT/Plaid/ios}\ncp \"${LINK_ROOT:-$PROJECT_DIR/Pods/Plaid/ios}\"/LinkKit.framework/prepare_for_distribution.sh \"${CODESIGNING_FOLDER_PATH}\"/Frameworks/LinkKit.framework/prepare_for_distribution.sh\n\"${CODESIGNING_FOLDER_PATH}\"/Frameworks/LinkKit.framework/prepare_for_distribution.sh\n\n";
		};
		6DA051C69DB94C2CAF0AA27A /* [CP] Check Pods Manifest.lock */ = {
			isa = PBXShellScriptBuildPhase;
			buildActionMask = 2147483647;
			files = (
			);
			inputFileListPaths = (
			);
			inputPaths = (
				"${PODS_PODFILE_DIR_PATH}/Podfile.lock",
				"${PODS_ROOT}/Manifest.lock",
			);
			name = "[CP] Check Pods Manifest.lock";
			outputFileListPaths = (
			);
			outputPaths = (
				"$(DERIVED_FILE_DIR)/Pods-ValU TwoUITests-checkManifestLockResult.txt",
			);
			runOnlyForDeploymentPostprocessing = 0;
			shellPath = /bin/sh;
			shellScript = "diff \"${PODS_PODFILE_DIR_PATH}/Podfile.lock\" \"${PODS_ROOT}/Manifest.lock\" > /dev/null\nif [ $? != 0 ] ; then\n    # print error to STDERR\n    echo \"error: The sandbox is not in sync with the Podfile.lock. Run 'pod install' or update your CocoaPods installation.\" >&2\n    exit 1\nfi\n# This output is used by Xcode 'outputs' to avoid re-running this script phase.\necho \"SUCCESS\" > \"${SCRIPT_OUTPUT_FILE_0}\"\n";
			showEnvVarsInLog = 0;
		};
		87862BD4CD79A8A4160D131B /* [CP] Check Pods Manifest.lock */ = {
			isa = PBXShellScriptBuildPhase;
			buildActionMask = 2147483647;
			files = (
			);
			inputFileListPaths = (
			);
			inputPaths = (
				"${PODS_PODFILE_DIR_PATH}/Podfile.lock",
				"${PODS_ROOT}/Manifest.lock",
			);
			name = "[CP] Check Pods Manifest.lock";
			outputFileListPaths = (
			);
			outputPaths = (
				"$(DERIVED_FILE_DIR)/Pods-ValU Two-checkManifestLockResult.txt",
			);
			runOnlyForDeploymentPostprocessing = 0;
			shellPath = /bin/sh;
			shellScript = "diff \"${PODS_PODFILE_DIR_PATH}/Podfile.lock\" \"${PODS_ROOT}/Manifest.lock\" > /dev/null\nif [ $? != 0 ] ; then\n    # print error to STDERR\n    echo \"error: The sandbox is not in sync with the Podfile.lock. Run 'pod install' or update your CocoaPods installation.\" >&2\n    exit 1\nfi\n# This output is used by Xcode 'outputs' to avoid re-running this script phase.\necho \"SUCCESS\" > \"${SCRIPT_OUTPUT_FILE_0}\"\n";
			showEnvVarsInLog = 0;
		};
/* End PBXShellScriptBuildPhase section */

/* Begin PBXSourcesBuildPhase section */
		47DDCCC222A890DB0049E3A5 /* Sources */ = {
			isa = PBXSourcesBuildPhase;
			buildActionMask = 2147483647;
			files = (
				47DDCCCA22A890DB0049E3A5 /* AppDelegate.swift in Sources */,
				4795A61D22D110C000292E8F /* SetSavingsViewController.swift in Sources */,
				47BE457322C00DBC00FB9A31 /* PlaidConnection.swift in Sources */,
				473D08D023245203004C24A9 /* AccountData+CoreDataProperties.swift in Sources */,
				47EED5CC2378C20C0052A211 /* Transaction+CoreDataProperties.swift in Sources */,
				473D08B7232451FA004C24A9 /* AccountData+CoreDataClass.swift in Sources */,
				473D08CE23245203004C24A9 /* User+CoreDataProperties.swift in Sources */,
				473D08D52324522D004C24A9 /* Protocols.swift in Sources */,
				4795A61522D110B400292E8F /* SetSavingsPresentor.swift in Sources */,
				473D08BE232451FA004C24A9 /* SpendingCategory+CoreDataClass.swift in Sources */,
				473D08D723245270004C24A9 /* ContainerViewController.swift in Sources */,
				473D08BB232451FA004C24A9 /* Transaction+CoreDataClass.swift in Sources */,
				47EED5BB2377657C0052A211 /* HomeViewController.swift in Sources */,
				4795A61422D110B400292E8F /* BudgetCategoriesPresentor.swift in Sources */,
				473D089F231D9049004C24A9 /* LoadingAccountsViewController.swift in Sources */,
				47EED5C623777BAB0052A211 /* HomeViewZeroStateViewController.swift in Sources */,
				473D08D123245203004C24A9 /* BalanceData+CoreDataProperties.swift in Sources */,
				4743EAA622B6DE470046D6EA /* AppCoordinator.swift in Sources */,
				47B9DE1A22D945C000434F4A /* CategoriesData.swift in Sources */,
				47EED5BE23776BD20052A211 /* Budget+CoreDataProperties.swift in Sources */,
				473D08BC232451FA004C24A9 /* ItemData+CoreDataClass.swift in Sources */,
				473D0881231CA001004C24A9 /* ValU Two.xcdatamodeld in Sources */,
				47B9DE2D22E3B47100434F4A /* PlaidViewController.swift in Sources */,
				473D08BD232451FA004C24A9 /* User+CoreDataClass.swift in Sources */,
				47B9DE2822E28E2A00434F4A /* SetSpendingLimitViewController.swift in Sources */,
				473D08CA23245203004C24A9 /* Location+CoreDataProperties.swift in Sources */,
				473D08BA232451FA004C24A9 /* Category+CoreDataClass.swift in Sources */,
				473D08A523232257004C24A9 /* CoreDataManager.swift in Sources */,
				47EED5B2236FB1400052A211 /* DashboardTabBarController.swift in Sources */,
				47EED5C823778B920052A211 /* SwiftUITestView.swift in Sources */,
				4743EAA822B6E1020046D6EA /* Coordinator.swift in Sources */,
				473D08CB23245203004C24A9 /* SpendingCategory+CoreDataProperties.swift in Sources */,
				473D089D231D9019004C24A9 /* LoadingAccountsPresentor.swift in Sources */,
				47EED5C0237773A90052A211 /* HomeContainerViewController.swift in Sources */,
				47BE457222C00DBC00FB9A31 /* PlaidProccesor.swift in Sources */,
				4774311922C70C0200FBA11B /* PlaidLinkPresentor.swift in Sources */,
				4795A61C22D110C000292E8F /* BudgetCategoriesViewController.swift in Sources */,
				47EED5CA2378AE770052A211 /* HomePresentor.swift in Sources */,
				4795A62B22D112EC00292E8F /* CardViewController.swift in Sources */,
				473D08A72323665B004C24A9 /* SetSpendingPresentor.swift in Sources */,
				4795A61322D110B400292E8F /* CreateBudgetFormPresentor.swift in Sources */,
				4795A61E22D110C000292E8F /* CreateBudgetFormViewController.swift in Sources */,
				473D08AB232451EC004C24A9 /* PlaidParsing.swift in Sources */,
				473D08B8232451FA004C24A9 /* Location+CoreDataClass.swift in Sources */,
				473D08CC23245203004C24A9 /* ItemData+CoreDataProperties.swift in Sources */,
				473D08B6232451FA004C24A9 /* Budget+CoreDataClass.swift in Sources */,
				473D08C923245203004C24A9 /* Category+CoreDataProperties.swift in Sources */,
				4795A61B22D110C000292E8F /* StartPageViewController.swift in Sources */,
				4743EAC122BC4AA90046D6EA /* OnboardingFlowCoordinator.swift in Sources */,
				47EED5AA236F9B050052A211 /* HomeCoordinator.swift in Sources */,
				473D08B9232451FA004C24A9 /* BalanceData+CoreDataClass.swift in Sources */,
				47B9DE1E22D960E400434F4A /* CategoryTableViewCell.swift in Sources */,
			);
			runOnlyForDeploymentPostprocessing = 0;
		};
		47DDCCD622A890E00049E3A5 /* Sources */ = {
			isa = PBXSourcesBuildPhase;
			buildActionMask = 2147483647;
			files = (
				47DDCCDF22A890E00049E3A5 /* ValU_TwoTests.swift in Sources */,
			);
			runOnlyForDeploymentPostprocessing = 0;
		};
		47DDCCE122A890E00049E3A5 /* Sources */ = {
			isa = PBXSourcesBuildPhase;
			buildActionMask = 2147483647;
			files = (
				47DDCCEA22A890E00049E3A5 /* ValU_TwoUITests.swift in Sources */,
			);
			runOnlyForDeploymentPostprocessing = 0;
		};
/* End PBXSourcesBuildPhase section */

/* Begin PBXTargetDependency section */
		47DDCCDC22A890E00049E3A5 /* PBXTargetDependency */ = {
			isa = PBXTargetDependency;
			target = 47DDCCC522A890DB0049E3A5 /* ValU Two */;
			targetProxy = 47DDCCDB22A890E00049E3A5 /* PBXContainerItemProxy */;
		};
		47DDCCE722A890E00049E3A5 /* PBXTargetDependency */ = {
			isa = PBXTargetDependency;
			target = 47DDCCC522A890DB0049E3A5 /* ValU Two */;
			targetProxy = 47DDCCE622A890E00049E3A5 /* PBXContainerItemProxy */;
		};
/* End PBXTargetDependency section */

/* Begin PBXVariantGroup section */
		47DDCCD222A890E00049E3A5 /* LaunchScreen.storyboard */ = {
			isa = PBXVariantGroup;
			children = (
				47DDCCD322A890E00049E3A5 /* Base */,
			);
			name = LaunchScreen.storyboard;
			sourceTree = "<group>";
		};
/* End PBXVariantGroup section */

/* Begin XCBuildConfiguration section */
		47DDCCEC22A890E00049E3A5 /* Debug */ = {
			isa = XCBuildConfiguration;
			buildSettings = {
				ALWAYS_SEARCH_USER_PATHS = NO;
				CLANG_ANALYZER_NONNULL = YES;
				CLANG_ANALYZER_NUMBER_OBJECT_CONVERSION = YES_AGGRESSIVE;
				CLANG_CXX_LANGUAGE_STANDARD = "gnu++14";
				CLANG_CXX_LIBRARY = "libc++";
				CLANG_ENABLE_MODULES = YES;
				CLANG_ENABLE_OBJC_ARC = YES;
				CLANG_ENABLE_OBJC_WEAK = YES;
				CLANG_WARN_BLOCK_CAPTURE_AUTORELEASING = YES;
				CLANG_WARN_BOOL_CONVERSION = YES;
				CLANG_WARN_COMMA = YES;
				CLANG_WARN_CONSTANT_CONVERSION = YES;
				CLANG_WARN_DEPRECATED_OBJC_IMPLEMENTATIONS = YES;
				CLANG_WARN_DIRECT_OBJC_ISA_USAGE = YES_ERROR;
				CLANG_WARN_DOCUMENTATION_COMMENTS = YES;
				CLANG_WARN_EMPTY_BODY = YES;
				CLANG_WARN_ENUM_CONVERSION = YES;
				CLANG_WARN_INFINITE_RECURSION = YES;
				CLANG_WARN_INT_CONVERSION = YES;
				CLANG_WARN_NON_LITERAL_NULL_CONVERSION = YES;
				CLANG_WARN_OBJC_IMPLICIT_RETAIN_SELF = YES;
				CLANG_WARN_OBJC_LITERAL_CONVERSION = YES;
				CLANG_WARN_OBJC_ROOT_CLASS = YES_ERROR;
				CLANG_WARN_RANGE_LOOP_ANALYSIS = YES;
				CLANG_WARN_STRICT_PROTOTYPES = YES;
				CLANG_WARN_SUSPICIOUS_MOVE = YES;
				CLANG_WARN_UNGUARDED_AVAILABILITY = YES_AGGRESSIVE;
				CLANG_WARN_UNREACHABLE_CODE = YES;
				CLANG_WARN__DUPLICATE_METHOD_MATCH = YES;
				CODE_SIGN_IDENTITY = "iPhone Developer";
				COPY_PHASE_STRIP = NO;
				DEBUG_INFORMATION_FORMAT = dwarf;
				ENABLE_STRICT_OBJC_MSGSEND = YES;
				ENABLE_TESTABILITY = YES;
				GCC_C_LANGUAGE_STANDARD = gnu11;
				GCC_DYNAMIC_NO_PIC = NO;
				GCC_NO_COMMON_BLOCKS = YES;
				GCC_OPTIMIZATION_LEVEL = 0;
				GCC_PREPROCESSOR_DEFINITIONS = (
					"DEBUG=1",
					"$(inherited)",
				);
				GCC_WARN_64_TO_32_BIT_CONVERSION = YES;
				GCC_WARN_ABOUT_RETURN_TYPE = YES_ERROR;
				GCC_WARN_UNDECLARED_SELECTOR = YES;
				GCC_WARN_UNINITIALIZED_AUTOS = YES_AGGRESSIVE;
				GCC_WARN_UNUSED_FUNCTION = YES;
				GCC_WARN_UNUSED_VARIABLE = YES;
				IPHONEOS_DEPLOYMENT_TARGET = 13.0;
				MTL_ENABLE_DEBUG_INFO = INCLUDE_SOURCE;
				MTL_FAST_MATH = YES;
				ONLY_ACTIVE_ARCH = YES;
				SDKROOT = iphoneos;
				SWIFT_ACTIVE_COMPILATION_CONDITIONS = DEBUG;
				SWIFT_OPTIMIZATION_LEVEL = "-Onone";
				SWIFT_VERSION = 5.0;
			};
			name = Debug;
		};
		47DDCCED22A890E00049E3A5 /* Release */ = {
			isa = XCBuildConfiguration;
			buildSettings = {
				ALWAYS_SEARCH_USER_PATHS = NO;
				CLANG_ANALYZER_NONNULL = YES;
				CLANG_ANALYZER_NUMBER_OBJECT_CONVERSION = YES_AGGRESSIVE;
				CLANG_CXX_LANGUAGE_STANDARD = "gnu++14";
				CLANG_CXX_LIBRARY = "libc++";
				CLANG_ENABLE_MODULES = YES;
				CLANG_ENABLE_OBJC_ARC = YES;
				CLANG_ENABLE_OBJC_WEAK = YES;
				CLANG_WARN_BLOCK_CAPTURE_AUTORELEASING = YES;
				CLANG_WARN_BOOL_CONVERSION = YES;
				CLANG_WARN_COMMA = YES;
				CLANG_WARN_CONSTANT_CONVERSION = YES;
				CLANG_WARN_DEPRECATED_OBJC_IMPLEMENTATIONS = YES;
				CLANG_WARN_DIRECT_OBJC_ISA_USAGE = YES_ERROR;
				CLANG_WARN_DOCUMENTATION_COMMENTS = YES;
				CLANG_WARN_EMPTY_BODY = YES;
				CLANG_WARN_ENUM_CONVERSION = YES;
				CLANG_WARN_INFINITE_RECURSION = YES;
				CLANG_WARN_INT_CONVERSION = YES;
				CLANG_WARN_NON_LITERAL_NULL_CONVERSION = YES;
				CLANG_WARN_OBJC_IMPLICIT_RETAIN_SELF = YES;
				CLANG_WARN_OBJC_LITERAL_CONVERSION = YES;
				CLANG_WARN_OBJC_ROOT_CLASS = YES_ERROR;
				CLANG_WARN_RANGE_LOOP_ANALYSIS = YES;
				CLANG_WARN_STRICT_PROTOTYPES = YES;
				CLANG_WARN_SUSPICIOUS_MOVE = YES;
				CLANG_WARN_UNGUARDED_AVAILABILITY = YES_AGGRESSIVE;
				CLANG_WARN_UNREACHABLE_CODE = YES;
				CLANG_WARN__DUPLICATE_METHOD_MATCH = YES;
				CODE_SIGN_IDENTITY = "iPhone Developer";
				COPY_PHASE_STRIP = NO;
				DEBUG_INFORMATION_FORMAT = "dwarf-with-dsym";
				ENABLE_NS_ASSERTIONS = NO;
				ENABLE_STRICT_OBJC_MSGSEND = YES;
				GCC_C_LANGUAGE_STANDARD = gnu11;
				GCC_NO_COMMON_BLOCKS = YES;
				GCC_WARN_64_TO_32_BIT_CONVERSION = YES;
				GCC_WARN_ABOUT_RETURN_TYPE = YES_ERROR;
				GCC_WARN_UNDECLARED_SELECTOR = YES;
				GCC_WARN_UNINITIALIZED_AUTOS = YES_AGGRESSIVE;
				GCC_WARN_UNUSED_FUNCTION = YES;
				GCC_WARN_UNUSED_VARIABLE = YES;
				IPHONEOS_DEPLOYMENT_TARGET = 13.0;
				MTL_ENABLE_DEBUG_INFO = NO;
				MTL_FAST_MATH = YES;
				SDKROOT = iphoneos;
				SWIFT_COMPILATION_MODE = wholemodule;
				SWIFT_OPTIMIZATION_LEVEL = "-O";
				SWIFT_VERSION = 5.0;
				VALIDATE_PRODUCT = YES;
			};
			name = Release;
		};
		47DDCCEF22A890E00049E3A5 /* Debug */ = {
			isa = XCBuildConfiguration;
			baseConfigurationReference = 5B6157E9917879C99D71879E /* Pods-ValU Two.debug.xcconfig */;
			buildSettings = {
				ASSETCATALOG_COMPILER_APPICON_NAME = AppIcon;
				CLANG_ENABLE_MODULES = YES;
				CODE_SIGN_STYLE = Automatic;
				DEVELOPMENT_TEAM = 2DVRRZC3M5;
				INFOPLIST_FILE = "ValU Two/Info.plist";
				LD_RUNPATH_SEARCH_PATHS = (
					"$(inherited)",
					"@executable_path/Frameworks",
				);
				LINK_ENVIRONMENT = Sandbox;
				PRODUCT_BUNDLE_IDENTIFIER = "clay.ValU-Two";
				PRODUCT_NAME = "$(TARGET_NAME)";
				SWIFT_OPTIMIZATION_LEVEL = "-Onone";
				SWIFT_VERSION = 5.0;
				TARGETED_DEVICE_FAMILY = "1,2";
			};
			name = Debug;
		};
		47DDCCF022A890E00049E3A5 /* Release */ = {
			isa = XCBuildConfiguration;
			baseConfigurationReference = 02CB0933549AB52086057F90 /* Pods-ValU Two.release.xcconfig */;
			buildSettings = {
				ASSETCATALOG_COMPILER_APPICON_NAME = AppIcon;
				CLANG_ENABLE_MODULES = YES;
				CODE_SIGN_STYLE = Automatic;
				DEVELOPMENT_TEAM = 2DVRRZC3M5;
				INFOPLIST_FILE = "ValU Two/Info.plist";
				LD_RUNPATH_SEARCH_PATHS = (
					"$(inherited)",
					"@executable_path/Frameworks",
				);
				LINK_ENVIRONMENT = Development;
				PRODUCT_BUNDLE_IDENTIFIER = "clay.ValU-Two";
				PRODUCT_NAME = "$(TARGET_NAME)";
				SWIFT_VERSION = 5.0;
				TARGETED_DEVICE_FAMILY = "1,2";
			};
			name = Release;
		};
		47DDCCF222A890E00049E3A5 /* Debug */ = {
			isa = XCBuildConfiguration;
			baseConfigurationReference = 91559C1E1523FF7F6A61EA3C /* Pods-ValU TwoTests.debug.xcconfig */;
			buildSettings = {
				ALWAYS_EMBED_SWIFT_STANDARD_LIBRARIES = YES;
				BUNDLE_LOADER = "$(TEST_HOST)";
				CODE_SIGN_STYLE = Automatic;
				DEVELOPMENT_TEAM = 2DVRRZC3M5;
				INFOPLIST_FILE = "ValU TwoTests/Info.plist";
				LD_RUNPATH_SEARCH_PATHS = (
					"$(inherited)",
					"@executable_path/Frameworks",
					"@loader_path/Frameworks",
				);
				PRODUCT_BUNDLE_IDENTIFIER = "clay.ValU-TwoTests";
				PRODUCT_NAME = "$(TARGET_NAME)";
				SWIFT_VERSION = 5.0;
				TARGETED_DEVICE_FAMILY = "1,2";
				TEST_HOST = "$(BUILT_PRODUCTS_DIR)/ValU Two.app/ValU Two";
			};
			name = Debug;
		};
		47DDCCF322A890E00049E3A5 /* Release */ = {
			isa = XCBuildConfiguration;
			baseConfigurationReference = 748C8B11CED7054383845D1F /* Pods-ValU TwoTests.release.xcconfig */;
			buildSettings = {
				ALWAYS_EMBED_SWIFT_STANDARD_LIBRARIES = YES;
				BUNDLE_LOADER = "$(TEST_HOST)";
				CODE_SIGN_STYLE = Automatic;
				DEVELOPMENT_TEAM = 2DVRRZC3M5;
				INFOPLIST_FILE = "ValU TwoTests/Info.plist";
				LD_RUNPATH_SEARCH_PATHS = (
					"$(inherited)",
					"@executable_path/Frameworks",
					"@loader_path/Frameworks",
				);
				PRODUCT_BUNDLE_IDENTIFIER = "clay.ValU-TwoTests";
				PRODUCT_NAME = "$(TARGET_NAME)";
				SWIFT_VERSION = 5.0;
				TARGETED_DEVICE_FAMILY = "1,2";
				TEST_HOST = "$(BUILT_PRODUCTS_DIR)/ValU Two.app/ValU Two";
			};
			name = Release;
		};
		47DDCCF522A890E00049E3A5 /* Debug */ = {
			isa = XCBuildConfiguration;
			baseConfigurationReference = 3C06C0DA4483D20C5FACB36A /* Pods-ValU TwoUITests.debug.xcconfig */;
			buildSettings = {
				ALWAYS_EMBED_SWIFT_STANDARD_LIBRARIES = YES;
				CODE_SIGN_STYLE = Automatic;
				DEVELOPMENT_TEAM = 2DVRRZC3M5;
				INFOPLIST_FILE = "ValU TwoUITests/Info.plist";
				LD_RUNPATH_SEARCH_PATHS = (
					"$(inherited)",
					"@executable_path/Frameworks",
					"@loader_path/Frameworks",
				);
				PRODUCT_BUNDLE_IDENTIFIER = "clay.ValU-TwoUITests";
				PRODUCT_NAME = "$(TARGET_NAME)";
				SWIFT_VERSION = 5.0;
				TARGETED_DEVICE_FAMILY = "1,2";
				TEST_TARGET_NAME = "ValU Two";
			};
			name = Debug;
		};
		47DDCCF622A890E00049E3A5 /* Release */ = {
			isa = XCBuildConfiguration;
			baseConfigurationReference = 21ED67144E7F14461A336F22 /* Pods-ValU TwoUITests.release.xcconfig */;
			buildSettings = {
				ALWAYS_EMBED_SWIFT_STANDARD_LIBRARIES = YES;
				CODE_SIGN_STYLE = Automatic;
				DEVELOPMENT_TEAM = 2DVRRZC3M5;
				INFOPLIST_FILE = "ValU TwoUITests/Info.plist";
				LD_RUNPATH_SEARCH_PATHS = (
					"$(inherited)",
					"@executable_path/Frameworks",
					"@loader_path/Frameworks",
				);
				PRODUCT_BUNDLE_IDENTIFIER = "clay.ValU-TwoUITests";
				PRODUCT_NAME = "$(TARGET_NAME)";
				SWIFT_VERSION = 5.0;
				TARGETED_DEVICE_FAMILY = "1,2";
				TEST_TARGET_NAME = "ValU Two";
			};
			name = Release;
		};
/* End XCBuildConfiguration section */

/* Begin XCConfigurationList section */
		47DDCCC122A890DB0049E3A5 /* Build configuration list for PBXProject "ValU Two" */ = {
			isa = XCConfigurationList;
			buildConfigurations = (
				47DDCCEC22A890E00049E3A5 /* Debug */,
				47DDCCED22A890E00049E3A5 /* Release */,
			);
			defaultConfigurationIsVisible = 0;
			defaultConfigurationName = Release;
		};
		47DDCCEE22A890E00049E3A5 /* Build configuration list for PBXNativeTarget "ValU Two" */ = {
			isa = XCConfigurationList;
			buildConfigurations = (
				47DDCCEF22A890E00049E3A5 /* Debug */,
				47DDCCF022A890E00049E3A5 /* Release */,
			);
			defaultConfigurationIsVisible = 0;
			defaultConfigurationName = Release;
		};
		47DDCCF122A890E00049E3A5 /* Build configuration list for PBXNativeTarget "ValU TwoTests" */ = {
			isa = XCConfigurationList;
			buildConfigurations = (
				47DDCCF222A890E00049E3A5 /* Debug */,
				47DDCCF322A890E00049E3A5 /* Release */,
			);
			defaultConfigurationIsVisible = 0;
			defaultConfigurationName = Release;
		};
		47DDCCF422A890E00049E3A5 /* Build configuration list for PBXNativeTarget "ValU TwoUITests" */ = {
			isa = XCConfigurationList;
			buildConfigurations = (
				47DDCCF522A890E00049E3A5 /* Debug */,
				47DDCCF622A890E00049E3A5 /* Release */,
			);
			defaultConfigurationIsVisible = 0;
			defaultConfigurationName = Release;
		};
/* End XCConfigurationList section */

/* Begin XCVersionGroup section */
		473D087F231CA001004C24A9 /* ValU Two.xcdatamodeld */ = {
			isa = XCVersionGroup;
			children = (
				473D0880231CA001004C24A9 /* ValU Two.xcdatamodel */,
			);
			currentVersion = 473D0880231CA001004C24A9 /* ValU Two.xcdatamodel */;
			path = "ValU Two.xcdatamodeld";
			sourceTree = "<group>";
			versionGroupType = wrapper.xcdatamodel;
		};
/* End XCVersionGroup section */
	};
	rootObject = 47DDCCBE22A890DB0049E3A5 /* Project object */;
}
