// !$*UTF8*$!
{
	archiveVersion = 1;
	classes = {
	};
	objectVersion = 51;
	objects = {

/* Begin PBXBuildFile section */
		4743EA9122AD91B70046D6EA /* SetSpendingCategoriesViewController.swift in Sources */ = {isa = PBXBuildFile; fileRef = 4743EA9022AD91B70046D6EA /* SetSpendingCategoriesViewController.swift */; };
		4743EAA622B6DE470046D6EA /* AppCoordinator.swift in Sources */ = {isa = PBXBuildFile; fileRef = 4743EAA522B6DE470046D6EA /* AppCoordinator.swift */; };
		4743EAA822B6E1020046D6EA /* Coordinator.swift in Sources */ = {isa = PBXBuildFile; fileRef = 4743EAA722B6E1020046D6EA /* Coordinator.swift */; };
		4743EABD22BC4AA90046D6EA /* StartPageViewController.swift in Sources */ = {isa = PBXBuildFile; fileRef = 4743EAB722BC4AA90046D6EA /* StartPageViewController.swift */; };
		4743EABE22BC4AA90046D6EA /* ContainerViewController.xib in Resources */ = {isa = PBXBuildFile; fileRef = 4743EAB822BC4AA90046D6EA /* ContainerViewController.xib */; };
		4743EABF22BC4AA90046D6EA /* CreateBudgetFormView.xib in Resources */ = {isa = PBXBuildFile; fileRef = 4743EAB922BC4AA90046D6EA /* CreateBudgetFormView.xib */; };
		4743EAC122BC4AA90046D6EA /* OnboardingFlowCoordinator.swift in Sources */ = {isa = PBXBuildFile; fileRef = 4743EABB22BC4AA90046D6EA /* OnboardingFlowCoordinator.swift */; };
		4743EAC222BC4AA90046D6EA /* StartPageViewController.xib in Resources */ = {isa = PBXBuildFile; fileRef = 4743EABC22BC4AA90046D6EA /* StartPageViewController.xib */; };
		4743EAC422BC4B3E0046D6EA /* ContainerViewController.swift in Sources */ = {isa = PBXBuildFile; fileRef = 4743EAC322BC4B3E0046D6EA /* ContainerViewController.swift */; };
		4743EAC622BC4DFA0046D6EA /* CreateBudgetFormViewController.swift in Sources */ = {isa = PBXBuildFile; fileRef = 4743EAC522BC4DFA0046D6EA /* CreateBudgetFormViewController.swift */; };
		4774311922C70C0200FBA11B /* PlaidLinkPresentor.swift in Sources */ = {isa = PBXBuildFile; fileRef = 4774311822C70C0200FBA11B /* PlaidLinkPresentor.swift */; };
		47BE456422BC85AF00FB9A31 /* CreateBudgetFormPresentor.swift in Sources */ = {isa = PBXBuildFile; fileRef = 47BE456322BC85AF00FB9A31 /* CreateBudgetFormPresentor.swift */; };
		47BE456822BC96A100FB9A31 /* PresentorProtocol.swift in Sources */ = {isa = PBXBuildFile; fileRef = 47BE456722BC96A100FB9A31 /* PresentorProtocol.swift */; };
		47BE456A22BF006800FB9A31 /* SetSavingsView.xib in Resources */ = {isa = PBXBuildFile; fileRef = 47BE456922BF006800FB9A31 /* SetSavingsView.xib */; };
		47BE456C22C00A3600FB9A31 /* SetSavingsViewController.swift in Sources */ = {isa = PBXBuildFile; fileRef = 47BE456B22C00A3600FB9A31 /* SetSavingsViewController.swift */; };
		47BE457122C00DBC00FB9A31 /* PlaidLinkViewController.swift in Sources */ = {isa = PBXBuildFile; fileRef = 47BE456E22C00DBC00FB9A31 /* PlaidLinkViewController.swift */; };
		47BE457222C00DBC00FB9A31 /* PlaidProccesor.swift in Sources */ = {isa = PBXBuildFile; fileRef = 47BE456F22C00DBC00FB9A31 /* PlaidProccesor.swift */; };
		47BE457322C00DBC00FB9A31 /* PlaidConnection.swift in Sources */ = {isa = PBXBuildFile; fileRef = 47BE457022C00DBC00FB9A31 /* PlaidConnection.swift */; };
		47BE457B22C00E5500FB9A31 /* SpendingCategory.swift in Sources */ = {isa = PBXBuildFile; fileRef = 47BE457522C00E5400FB9A31 /* SpendingCategory.swift */; };
		47BE457C22C00E5500FB9A31 /* user.swift in Sources */ = {isa = PBXBuildFile; fileRef = 47BE457622C00E5400FB9A31 /* user.swift */; };
		47BE457D22C00E5500FB9A31 /* Budget.swift in Sources */ = {isa = PBXBuildFile; fileRef = 47BE457722C00E5400FB9A31 /* Budget.swift */; };
		47BE457E22C00E5500FB9A31 /* Account.swift in Sources */ = {isa = PBXBuildFile; fileRef = 47BE457822C00E5400FB9A31 /* Account.swift */; };
		47BE458122C0105700FB9A31 /* SetSavingsPresentor.swift in Sources */ = {isa = PBXBuildFile; fileRef = 47BE458022C0105700FB9A31 /* SetSavingsPresentor.swift */; };
		47DDCCCA22A890DB0049E3A5 /* AppDelegate.swift in Sources */ = {isa = PBXBuildFile; fileRef = 47DDCCC922A890DB0049E3A5 /* AppDelegate.swift */; };
		47DDCCD122A890E00049E3A5 /* Assets.xcassets in Resources */ = {isa = PBXBuildFile; fileRef = 47DDCCD022A890E00049E3A5 /* Assets.xcassets */; };
		47DDCCD422A890E00049E3A5 /* LaunchScreen.storyboard in Resources */ = {isa = PBXBuildFile; fileRef = 47DDCCD222A890E00049E3A5 /* LaunchScreen.storyboard */; };
		47DDCCDF22A890E00049E3A5 /* ValU_TwoTests.swift in Sources */ = {isa = PBXBuildFile; fileRef = 47DDCCDE22A890E00049E3A5 /* ValU_TwoTests.swift */; };
		47DDCCEA22A890E00049E3A5 /* ValU_TwoUITests.swift in Sources */ = {isa = PBXBuildFile; fileRef = 47DDCCE922A890E00049E3A5 /* ValU_TwoUITests.swift */; };
		554B096B8A89D3D9BBA9055E /* Pods_ValU_TwoTests.framework in Frameworks */ = {isa = PBXBuildFile; fileRef = 5ABCAA528B58D48AA6AF142E /* Pods_ValU_TwoTests.framework */; };
		745A1C9D86D7665686186136 /* Pods_ValU_TwoUITests.framework in Frameworks */ = {isa = PBXBuildFile; fileRef = 276F7743E43167502E0AD368 /* Pods_ValU_TwoUITests.framework */; };
		F37EFADA9F2F08A705CBBE02 /* Pods_ValU_Two.framework in Frameworks */ = {isa = PBXBuildFile; fileRef = 7E12898A13131670A5C0F61E /* Pods_ValU_Two.framework */; };
/* End PBXBuildFile section */

/* Begin PBXContainerItemProxy section */
		47DDCCDB22A890E00049E3A5 /* PBXContainerItemProxy */ = {
			isa = PBXContainerItemProxy;
			containerPortal = 47DDCCBE22A890DB0049E3A5 /* Project object */;
			proxyType = 1;
			remoteGlobalIDString = 47DDCCC522A890DB0049E3A5;
			remoteInfo = "ValU Two";
		};
		47DDCCE622A890E00049E3A5 /* PBXContainerItemProxy */ = {
			isa = PBXContainerItemProxy;
			containerPortal = 47DDCCBE22A890DB0049E3A5 /* Project object */;
			proxyType = 1;
			remoteGlobalIDString = 47DDCCC522A890DB0049E3A5;
			remoteInfo = "ValU Two";
		};
/* End PBXContainerItemProxy section */

/* Begin PBXFileReference section */
		02CB0933549AB52086057F90 /* Pods-ValU Two.release.xcconfig */ = {isa = PBXFileReference; includeInIndex = 1; lastKnownFileType = text.xcconfig; name = "Pods-ValU Two.release.xcconfig"; path = "Target Support Files/Pods-ValU Two/Pods-ValU Two.release.xcconfig"; sourceTree = "<group>"; };
		21ED67144E7F14461A336F22 /* Pods-ValU TwoUITests.release.xcconfig */ = {isa = PBXFileReference; includeInIndex = 1; lastKnownFileType = text.xcconfig; name = "Pods-ValU TwoUITests.release.xcconfig"; path = "Target Support Files/Pods-ValU TwoUITests/Pods-ValU TwoUITests.release.xcconfig"; sourceTree = "<group>"; };
		276F7743E43167502E0AD368 /* Pods_ValU_TwoUITests.framework */ = {isa = PBXFileReference; explicitFileType = wrapper.framework; includeInIndex = 0; path = Pods_ValU_TwoUITests.framework; sourceTree = BUILT_PRODUCTS_DIR; };
		3C06C0DA4483D20C5FACB36A /* Pods-ValU TwoUITests.debug.xcconfig */ = {isa = PBXFileReference; includeInIndex = 1; lastKnownFileType = text.xcconfig; name = "Pods-ValU TwoUITests.debug.xcconfig"; path = "Target Support Files/Pods-ValU TwoUITests/Pods-ValU TwoUITests.debug.xcconfig"; sourceTree = "<group>"; };
		4743EA9022AD91B70046D6EA /* SetSpendingCategoriesViewController.swift */ = {isa = PBXFileReference; lastKnownFileType = sourcecode.swift; path = SetSpendingCategoriesViewController.swift; sourceTree = "<group>"; };
		4743EAA522B6DE470046D6EA /* AppCoordinator.swift */ = {isa = PBXFileReference; lastKnownFileType = sourcecode.swift; path = AppCoordinator.swift; sourceTree = "<group>"; };
		4743EAA722B6E1020046D6EA /* Coordinator.swift */ = {isa = PBXFileReference; lastKnownFileType = sourcecode.swift; path = Coordinator.swift; sourceTree = "<group>"; };
		4743EAB722BC4AA90046D6EA /* StartPageViewController.swift */ = {isa = PBXFileReference; fileEncoding = 4; lastKnownFileType = sourcecode.swift; path = StartPageViewController.swift; sourceTree = "<group>"; };
		4743EAB822BC4AA90046D6EA /* ContainerViewController.xib */ = {isa = PBXFileReference; fileEncoding = 4; lastKnownFileType = file.xib; path = ContainerViewController.xib; sourceTree = "<group>"; };
		4743EAB922BC4AA90046D6EA /* CreateBudgetFormView.xib */ = {isa = PBXFileReference; fileEncoding = 4; lastKnownFileType = file.xib; path = CreateBudgetFormView.xib; sourceTree = "<group>"; };
		4743EABB22BC4AA90046D6EA /* OnboardingFlowCoordinator.swift */ = {isa = PBXFileReference; fileEncoding = 4; lastKnownFileType = sourcecode.swift; path = OnboardingFlowCoordinator.swift; sourceTree = "<group>"; };
		4743EABC22BC4AA90046D6EA /* StartPageViewController.xib */ = {isa = PBXFileReference; fileEncoding = 4; lastKnownFileType = file.xib; path = StartPageViewController.xib; sourceTree = "<group>"; };
		4743EAC322BC4B3E0046D6EA /* ContainerViewController.swift */ = {isa = PBXFileReference; lastKnownFileType = sourcecode.swift; path = ContainerViewController.swift; sourceTree = "<group>"; };
		4743EAC522BC4DFA0046D6EA /* CreateBudgetFormViewController.swift */ = {isa = PBXFileReference; lastKnownFileType = sourcecode.swift; path = CreateBudgetFormViewController.swift; sourceTree = "<group>"; };
		4774311822C70C0200FBA11B /* PlaidLinkPresentor.swift */ = {isa = PBXFileReference; lastKnownFileType = sourcecode.swift; path = PlaidLinkPresentor.swift; sourceTree = "<group>"; };
		47BE456322BC85AF00FB9A31 /* CreateBudgetFormPresentor.swift */ = {isa = PBXFileReference; lastKnownFileType = sourcecode.swift; path = CreateBudgetFormPresentor.swift; sourceTree = "<group>"; };
		47BE456722BC96A100FB9A31 /* PresentorProtocol.swift */ = {isa = PBXFileReference; fileEncoding = 4; lastKnownFileType = sourcecode.swift; path = PresentorProtocol.swift; sourceTree = "<group>"; };
		47BE456922BF006800FB9A31 /* SetSavingsView.xib */ = {isa = PBXFileReference; lastKnownFileType = file.xib; path = SetSavingsView.xib; sourceTree = "<group>"; };
		47BE456B22C00A3600FB9A31 /* SetSavingsViewController.swift */ = {isa = PBXFileReference; lastKnownFileType = sourcecode.swift; path = SetSavingsViewController.swift; sourceTree = "<group>"; };
		47BE456E22C00DBC00FB9A31 /* PlaidLinkViewController.swift */ = {isa = PBXFileReference; fileEncoding = 4; lastKnownFileType = sourcecode.swift; path = PlaidLinkViewController.swift; sourceTree = "<group>"; };
		47BE456F22C00DBC00FB9A31 /* PlaidProccesor.swift */ = {isa = PBXFileReference; fileEncoding = 4; lastKnownFileType = sourcecode.swift; path = PlaidProccesor.swift; sourceTree = "<group>"; };
		47BE457022C00DBC00FB9A31 /* PlaidConnection.swift */ = {isa = PBXFileReference; fileEncoding = 4; lastKnownFileType = sourcecode.swift; path = PlaidConnection.swift; sourceTree = "<group>"; };
		47BE457522C00E5400FB9A31 /* SpendingCategory.swift */ = {isa = PBXFileReference; fileEncoding = 4; lastKnownFileType = sourcecode.swift; path = SpendingCategory.swift; sourceTree = "<group>"; };
		47BE457622C00E5400FB9A31 /* user.swift */ = {isa = PBXFileReference; fileEncoding = 4; lastKnownFileType = sourcecode.swift; path = user.swift; sourceTree = "<group>"; };
		47BE457722C00E5400FB9A31 /* Budget.swift */ = {isa = PBXFileReference; fileEncoding = 4; lastKnownFileType = sourcecode.swift; path = Budget.swift; sourceTree = "<group>"; };
		47BE457822C00E5400FB9A31 /* Account.swift */ = {isa = PBXFileReference; fileEncoding = 4; lastKnownFileType = sourcecode.swift; path = Account.swift; sourceTree = "<group>"; };
		47BE458022C0105700FB9A31 /* SetSavingsPresentor.swift */ = {isa = PBXFileReference; lastKnownFileType = sourcecode.swift; path = SetSavingsPresentor.swift; sourceTree = "<group>"; };
		47DDCCC622A890DB0049E3A5 /* ValU Two.app */ = {isa = PBXFileReference; explicitFileType = wrapper.application; includeInIndex = 0; path = "ValU Two.app"; sourceTree = BUILT_PRODUCTS_DIR; };
		47DDCCC922A890DB0049E3A5 /* AppDelegate.swift */ = {isa = PBXFileReference; lastKnownFileType = sourcecode.swift; path = AppDelegate.swift; sourceTree = "<group>"; };
		47DDCCD022A890E00049E3A5 /* Assets.xcassets */ = {isa = PBXFileReference; lastKnownFileType = folder.assetcatalog; path = Assets.xcassets; sourceTree = "<group>"; };
		47DDCCD322A890E00049E3A5 /* Base */ = {isa = PBXFileReference; lastKnownFileType = file.storyboard; name = Base; path = Base.lproj/LaunchScreen.storyboard; sourceTree = "<group>"; };
		47DDCCD522A890E00049E3A5 /* Info.plist */ = {isa = PBXFileReference; lastKnownFileType = text.plist.xml; path = Info.plist; sourceTree = "<group>"; };
		47DDCCDA22A890E00049E3A5 /* ValU TwoTests.xctest */ = {isa = PBXFileReference; explicitFileType = wrapper.cfbundle; includeInIndex = 0; path = "ValU TwoTests.xctest"; sourceTree = BUILT_PRODUCTS_DIR; };
		47DDCCDE22A890E00049E3A5 /* ValU_TwoTests.swift */ = {isa = PBXFileReference; lastKnownFileType = sourcecode.swift; path = ValU_TwoTests.swift; sourceTree = "<group>"; };
		47DDCCE022A890E00049E3A5 /* Info.plist */ = {isa = PBXFileReference; lastKnownFileType = text.plist.xml; path = Info.plist; sourceTree = "<group>"; };
		47DDCCE522A890E00049E3A5 /* ValU TwoUITests.xctest */ = {isa = PBXFileReference; explicitFileType = wrapper.cfbundle; includeInIndex = 0; path = "ValU TwoUITests.xctest"; sourceTree = BUILT_PRODUCTS_DIR; };
		47DDCCE922A890E00049E3A5 /* ValU_TwoUITests.swift */ = {isa = PBXFileReference; lastKnownFileType = sourcecode.swift; path = ValU_TwoUITests.swift; sourceTree = "<group>"; };
		47DDCCEB22A890E00049E3A5 /* Info.plist */ = {isa = PBXFileReference; lastKnownFileType = text.plist.xml; path = Info.plist; sourceTree = "<group>"; };
		5ABCAA528B58D48AA6AF142E /* Pods_ValU_TwoTests.framework */ = {isa = PBXFileReference; explicitFileType = wrapper.framework; includeInIndex = 0; path = Pods_ValU_TwoTests.framework; sourceTree = BUILT_PRODUCTS_DIR; };
		5B6157E9917879C99D71879E /* Pods-ValU Two.debug.xcconfig */ = {isa = PBXFileReference; includeInIndex = 1; lastKnownFileType = text.xcconfig; name = "Pods-ValU Two.debug.xcconfig"; path = "Target Support Files/Pods-ValU Two/Pods-ValU Two.debug.xcconfig"; sourceTree = "<group>"; };
		748C8B11CED7054383845D1F /* Pods-ValU TwoTests.release.xcconfig */ = {isa = PBXFileReference; includeInIndex = 1; lastKnownFileType = text.xcconfig; name = "Pods-ValU TwoTests.release.xcconfig"; path = "Target Support Files/Pods-ValU TwoTests/Pods-ValU TwoTests.release.xcconfig"; sourceTree = "<group>"; };
		7E12898A13131670A5C0F61E /* Pods_ValU_Two.framework */ = {isa = PBXFileReference; explicitFileType = wrapper.framework; includeInIndex = 0; path = Pods_ValU_Two.framework; sourceTree = BUILT_PRODUCTS_DIR; };
		91559C1E1523FF7F6A61EA3C /* Pods-ValU TwoTests.debug.xcconfig */ = {isa = PBXFileReference; includeInIndex = 1; lastKnownFileType = text.xcconfig; name = "Pods-ValU TwoTests.debug.xcconfig"; path = "Target Support Files/Pods-ValU TwoTests/Pods-ValU TwoTests.debug.xcconfig"; sourceTree = "<group>"; };
/* End PBXFileReference section */

/* Begin PBXFrameworksBuildPhase section */
		47DDCCC322A890DB0049E3A5 /* Frameworks */ = {
			isa = PBXFrameworksBuildPhase;
			buildActionMask = 2147483647;
			files = (
				F37EFADA9F2F08A705CBBE02 /* Pods_ValU_Two.framework in Frameworks */,
			);
			runOnlyForDeploymentPostprocessing = 0;
		};
		47DDCCD722A890E00049E3A5 /* Frameworks */ = {
			isa = PBXFrameworksBuildPhase;
			buildActionMask = 2147483647;
			files = (
				554B096B8A89D3D9BBA9055E /* Pods_ValU_TwoTests.framework in Frameworks */,
			);
			runOnlyForDeploymentPostprocessing = 0;
		};
		47DDCCE222A890E00049E3A5 /* Frameworks */ = {
			isa = PBXFrameworksBuildPhase;
			buildActionMask = 2147483647;
			files = (
				745A1C9D86D7665686186136 /* Pods_ValU_TwoUITests.framework in Frameworks */,
			);
			runOnlyForDeploymentPostprocessing = 0;
		};
/* End PBXFrameworksBuildPhase section */

/* Begin PBXGroup section */
		4743EAB622BC4AA90046D6EA /* Onboarding */ = {
			isa = PBXGroup;
			children = (
				4743EABB22BC4AA90046D6EA /* OnboardingFlowCoordinator.swift */,
				47BE456922BF006800FB9A31 /* SetSavingsView.xib */,
				47BE456B22C00A3600FB9A31 /* SetSavingsViewController.swift */,
				47BE458022C0105700FB9A31 /* SetSavingsPresentor.swift */,
				47BE456722BC96A100FB9A31 /* PresentorProtocol.swift */,
				4743EAC322BC4B3E0046D6EA /* ContainerViewController.swift */,
				47BE456322BC85AF00FB9A31 /* CreateBudgetFormPresentor.swift */,
				4743EAB822BC4AA90046D6EA /* ContainerViewController.xib */,
				4743EAC522BC4DFA0046D6EA /* CreateBudgetFormViewController.swift */,
				4743EAB722BC4AA90046D6EA /* StartPageViewController.swift */,
				4743EABC22BC4AA90046D6EA /* StartPageViewController.xib */,
				4743EAB922BC4AA90046D6EA /* CreateBudgetFormView.xib */,
			);
			path = Onboarding;
			sourceTree = "<group>";
		};
		47BE456D22C00DBC00FB9A31 /* Plaid */ = {
			isa = PBXGroup;
			children = (
				47BE456E22C00DBC00FB9A31 /* PlaidLinkViewController.swift */,
				4774311822C70C0200FBA11B /* PlaidLinkPresentor.swift */,
				47BE456F22C00DBC00FB9A31 /* PlaidProccesor.swift */,
				47BE457022C00DBC00FB9A31 /* PlaidConnection.swift */,
			);
			path = Plaid;
			sourceTree = "<group>";
		};
		47BE457422C00E5400FB9A31 /* Models */ = {
			isa = PBXGroup;
			children = (
				47BE457522C00E5400FB9A31 /* SpendingCategory.swift */,
				47BE457622C00E5400FB9A31 /* user.swift */,
				47BE457722C00E5400FB9A31 /* Budget.swift */,
				47BE457822C00E5400FB9A31 /* Account.swift */,
			);
			path = Models;
			sourceTree = "<group>";
		};
		47DDCCBD22A890DB0049E3A5 = {
			isa = PBXGroup;
			children = (
				47DDCCC822A890DB0049E3A5 /* ValU Two */,
				47DDCCDD22A890E00049E3A5 /* ValU TwoTests */,
				47DDCCE822A890E00049E3A5 /* ValU TwoUITests */,
				47DDCCC722A890DB0049E3A5 /* Products */,
				D7196FC0E055B0C71A51CDE9 /* Pods */,
				DF97B3E7E6B476F866FFF939 /* Frameworks */,
			);
			sourceTree = "<group>";
		};
		47DDCCC722A890DB0049E3A5 /* Products */ = {
			isa = PBXGroup;
			children = (
				47DDCCC622A890DB0049E3A5 /* ValU Two.app */,
				47DDCCDA22A890E00049E3A5 /* ValU TwoTests.xctest */,
				47DDCCE522A890E00049E3A5 /* ValU TwoUITests.xctest */,
			);
			name = Products;
			sourceTree = "<group>";
		};
		47DDCCC822A890DB0049E3A5 /* ValU Two */ = {
			isa = PBXGroup;
			children = (
				47BE457422C00E5400FB9A31 /* Models */,
				47BE456D22C00DBC00FB9A31 /* Plaid */,
				4743EAB622BC4AA90046D6EA /* Onboarding */,
				47DDCCC922A890DB0049E3A5 /* AppDelegate.swift */,
				4743EAA522B6DE470046D6EA /* AppCoordinator.swift */,
				4743EAA722B6E1020046D6EA /* Coordinator.swift */,
				4743EA9022AD91B70046D6EA /* SetSpendingCategoriesViewController.swift */,
				47DDCCD022A890E00049E3A5 /* Assets.xcassets */,
				47DDCCD222A890E00049E3A5 /* LaunchScreen.storyboard */,
				47DDCCD522A890E00049E3A5 /* Info.plist */,
			);
			path = "ValU Two";
			sourceTree = "<group>";
		};
		47DDCCDD22A890E00049E3A5 /* ValU TwoTests */ = {
			isa = PBXGroup;
			children = (
				47DDCCDE22A890E00049E3A5 /* ValU_TwoTests.swift */,
				47DDCCE022A890E00049E3A5 /* Info.plist */,
			);
			path = "ValU TwoTests";
			sourceTree = "<group>";
		};
		47DDCCE822A890E00049E3A5 /* ValU TwoUITests */ = {
			isa = PBXGroup;
			children = (
				47DDCCE922A890E00049E3A5 /* ValU_TwoUITests.swift */,
				47DDCCEB22A890E00049E3A5 /* Info.plist */,
			);
			path = "ValU TwoUITests";
			sourceTree = "<group>";
		};
		D7196FC0E055B0C71A51CDE9 /* Pods */ = {
			isa = PBXGroup;
			children = (
				5B6157E9917879C99D71879E /* Pods-ValU Two.debug.xcconfig */,
				02CB0933549AB52086057F90 /* Pods-ValU Two.release.xcconfig */,
				91559C1E1523FF7F6A61EA3C /* Pods-ValU TwoTests.debug.xcconfig */,
				748C8B11CED7054383845D1F /* Pods-ValU TwoTests.release.xcconfig */,
				3C06C0DA4483D20C5FACB36A /* Pods-ValU TwoUITests.debug.xcconfig */,
				21ED67144E7F14461A336F22 /* Pods-ValU TwoUITests.release.xcconfig */,
			);
			path = Pods;
			sourceTree = "<group>";
		};
		DF97B3E7E6B476F866FFF939 /* Frameworks */ = {
			isa = PBXGroup;
			children = (
				7E12898A13131670A5C0F61E /* Pods_ValU_Two.framework */,
				5ABCAA528B58D48AA6AF142E /* Pods_ValU_TwoTests.framework */,
				276F7743E43167502E0AD368 /* Pods_ValU_TwoUITests.framework */,
			);
			name = Frameworks;
			sourceTree = "<group>";
		};
/* End PBXGroup section */

/* Begin PBXNativeTarget section */
		47DDCCC522A890DB0049E3A5 /* ValU Two */ = {
			isa = PBXNativeTarget;
			buildConfigurationList = 47DDCCEE22A890E00049E3A5 /* Build configuration list for PBXNativeTarget "ValU Two" */;
			buildPhases = (
				87862BD4CD79A8A4160D131B /* [CP] Check Pods Manifest.lock */,
				47DDCCC222A890DB0049E3A5 /* Sources */,
				47DDCCC322A890DB0049E3A5 /* Frameworks */,
				47DDCCC422A890DB0049E3A5 /* Resources */,
				47014322F3C246D85185A65B /* [CP] Embed Pods Frameworks */,
				47267CD322AC354700F93535 /* Prepare For Distribution */,
			);
			buildRules = (
			);
			dependencies = (
			);
			name = "ValU Two";
			productName = "ValU Two";
			productReference = 47DDCCC622A890DB0049E3A5 /* ValU Two.app */;
			productType = "com.apple.product-type.application";
		};
		47DDCCD922A890E00049E3A5 /* ValU TwoTests */ = {
			isa = PBXNativeTarget;
			buildConfigurationList = 47DDCCF122A890E00049E3A5 /* Build configuration list for PBXNativeTarget "ValU TwoTests" */;
			buildPhases = (
				3CD9B8C7FCAF0663004EE45F /* [CP] Check Pods Manifest.lock */,
				47DDCCD622A890E00049E3A5 /* Sources */,
				47DDCCD722A890E00049E3A5 /* Frameworks */,
				47DDCCD822A890E00049E3A5 /* Resources */,
			);
			buildRules = (
			);
			dependencies = (
				47DDCCDC22A890E00049E3A5 /* PBXTargetDependency */,
			);
			name = "ValU TwoTests";
			productName = "ValU TwoTests";
			productReference = 47DDCCDA22A890E00049E3A5 /* ValU TwoTests.xctest */;
			productType = "com.apple.product-type.bundle.unit-test";
		};
		47DDCCE422A890E00049E3A5 /* ValU TwoUITests */ = {
			isa = PBXNativeTarget;
			buildConfigurationList = 47DDCCF422A890E00049E3A5 /* Build configuration list for PBXNativeTarget "ValU TwoUITests" */;
			buildPhases = (
				6DA051C69DB94C2CAF0AA27A /* [CP] Check Pods Manifest.lock */,
				47DDCCE122A890E00049E3A5 /* Sources */,
				47DDCCE222A890E00049E3A5 /* Frameworks */,
				47DDCCE322A890E00049E3A5 /* Resources */,
			);
			buildRules = (
			);
			dependencies = (
				47DDCCE722A890E00049E3A5 /* PBXTargetDependency */,
			);
			name = "ValU TwoUITests";
			productName = "ValU TwoUITests";
			productReference = 47DDCCE522A890E00049E3A5 /* ValU TwoUITests.xctest */;
			productType = "com.apple.product-type.bundle.ui-testing";
		};
/* End PBXNativeTarget section */

/* Begin PBXProject section */
		47DDCCBE22A890DB0049E3A5 /* Project object */ = {
			isa = PBXProject;
			attributes = {
				LastSwiftUpdateCheck = 1020;
				LastUpgradeCheck = 1020;
				ORGANIZATIONNAME = "Clayton Wilson";
				TargetAttributes = {
					47DDCCC522A890DB0049E3A5 = {
						CreatedOnToolsVersion = 10.2.1;
					};
					47DDCCD922A890E00049E3A5 = {
						CreatedOnToolsVersion = 10.2.1;
						TestTargetID = 47DDCCC522A890DB0049E3A5;
					};
					47DDCCE422A890E00049E3A5 = {
						CreatedOnToolsVersion = 10.2.1;
						TestTargetID = 47DDCCC522A890DB0049E3A5;
					};
				};
			};
			buildConfigurationList = 47DDCCC122A890DB0049E3A5 /* Build configuration list for PBXProject "ValU Two" */;
			compatibilityVersion = "Xcode 9.3";
			developmentRegion = en;
			hasScannedForEncodings = 0;
			knownRegions = (
				en,
				Base,
			);
			mainGroup = 47DDCCBD22A890DB0049E3A5;
			productRefGroup = 47DDCCC722A890DB0049E3A5 /* Products */;
			projectDirPath = "";
			projectRoot = "";
			targets = (
				47DDCCC522A890DB0049E3A5 /* ValU Two */,
				47DDCCD922A890E00049E3A5 /* ValU TwoTests */,
				47DDCCE422A890E00049E3A5 /* ValU TwoUITests */,
			);
		};
/* End PBXProject section */

/* Begin PBXResourcesBuildPhase section */
		47DDCCC422A890DB0049E3A5 /* Resources */ = {
			isa = PBXResourcesBuildPhase;
			buildActionMask = 2147483647;
			files = (
				47DDCCD422A890E00049E3A5 /* LaunchScreen.storyboard in Resources */,
				4743EABE22BC4AA90046D6EA /* ContainerViewController.xib in Resources */,
				4743EABF22BC4AA90046D6EA /* CreateBudgetFormView.xib in Resources */,
				4743EAC222BC4AA90046D6EA /* StartPageViewController.xib in Resources */,
				47DDCCD122A890E00049E3A5 /* Assets.xcassets in Resources */,
				47BE456A22BF006800FB9A31 /* SetSavingsView.xib in Resources */,
			);
			runOnlyForDeploymentPostprocessing = 0;
		};
		47DDCCD822A890E00049E3A5 /* Resources */ = {
			isa = PBXResourcesBuildPhase;
			buildActionMask = 2147483647;
			files = (
			);
			runOnlyForDeploymentPostprocessing = 0;
		};
		47DDCCE322A890E00049E3A5 /* Resources */ = {
			isa = PBXResourcesBuildPhase;
			buildActionMask = 2147483647;
			files = (
			);
			runOnlyForDeploymentPostprocessing = 0;
		};
/* End PBXResourcesBuildPhase section */

/* Begin PBXShellScriptBuildPhase section */
		3CD9B8C7FCAF0663004EE45F /* [CP] Check Pods Manifest.lock */ = {
			isa = PBXShellScriptBuildPhase;
			buildActionMask = 2147483647;
			files = (
			);
			inputFileListPaths = (
			);
			inputPaths = (
				"${PODS_PODFILE_DIR_PATH}/Podfile.lock",
				"${PODS_ROOT}/Manifest.lock",
			);
			name = "[CP] Check Pods Manifest.lock";
			outputFileListPaths = (
			);
			outputPaths = (
				"$(DERIVED_FILE_DIR)/Pods-ValU TwoTests-checkManifestLockResult.txt",
			);
			runOnlyForDeploymentPostprocessing = 0;
			shellPath = /bin/sh;
			shellScript = "diff \"${PODS_PODFILE_DIR_PATH}/Podfile.lock\" \"${PODS_ROOT}/Manifest.lock\" > /dev/null\nif [ $? != 0 ] ; then\n    # print error to STDERR\n    echo \"error: The sandbox is not in sync with the Podfile.lock. Run 'pod install' or update your CocoaPods installation.\" >&2\n    exit 1\nfi\n# This output is used by Xcode 'outputs' to avoid re-running this script phase.\necho \"SUCCESS\" > \"${SCRIPT_OUTPUT_FILE_0}\"\n";
			showEnvVarsInLog = 0;
		};
		47014322F3C246D85185A65B /* [CP] Embed Pods Frameworks */ = {
			isa = PBXShellScriptBuildPhase;
			buildActionMask = 2147483647;
			files = (
			);
			inputFileListPaths = (
				"${PODS_ROOT}/Target Support Files/Pods-ValU Two/Pods-ValU Two-frameworks-${CONFIGURATION}-input-files.xcfilelist",
			);
			name = "[CP] Embed Pods Frameworks";
			outputFileListPaths = (
				"${PODS_ROOT}/Target Support Files/Pods-ValU Two/Pods-ValU Two-frameworks-${CONFIGURATION}-output-files.xcfilelist",
			);
			runOnlyForDeploymentPostprocessing = 0;
			shellPath = /bin/sh;
			shellScript = "\"${PODS_ROOT}/Target Support Files/Pods-ValU Two/Pods-ValU Two-frameworks.sh\"\n";
			showEnvVarsInLog = 0;
		};
		47267CD322AC354700F93535 /* Prepare For Distribution */ = {
			isa = PBXShellScriptBuildPhase;
			buildActionMask = 2147483647;
			files = (
			);
			inputFileListPaths = (
			);
			inputPaths = (
			);
			name = "Prepare For Distribution";
			outputFileListPaths = (
			);
			outputPaths = (
			);
			runOnlyForDeploymentPostprocessing = 0;
			shellPath = /bin/sh;
			shellScript = "LINK_ROOT=${PODS_ROOT:+$PODS_ROOT/Plaid/ios}\ncp \"${LINK_ROOT:-$PROJECT_DIR/Pods/Plaid/ios}\"/LinkKit.framework/prepare_for_distribution.sh \"${CODESIGNING_FOLDER_PATH}\"/Frameworks/LinkKit.framework/prepare_for_distribution.sh\n\"${CODESIGNING_FOLDER_PATH}\"/Frameworks/LinkKit.framework/prepare_for_distribution.sh\n\n";
		};
		6DA051C69DB94C2CAF0AA27A /* [CP] Check Pods Manifest.lock */ = {
			isa = PBXShellScriptBuildPhase;
			buildActionMask = 2147483647;
			files = (
			);
			inputFileListPaths = (
			);
			inputPaths = (
				"${PODS_PODFILE_DIR_PATH}/Podfile.lock",
				"${PODS_ROOT}/Manifest.lock",
			);
			name = "[CP] Check Pods Manifest.lock";
			outputFileListPaths = (
			);
			outputPaths = (
				"$(DERIVED_FILE_DIR)/Pods-ValU TwoUITests-checkManifestLockResult.txt",
			);
			runOnlyForDeploymentPostprocessing = 0;
			shellPath = /bin/sh;
			shellScript = "diff \"${PODS_PODFILE_DIR_PATH}/Podfile.lock\" \"${PODS_ROOT}/Manifest.lock\" > /dev/null\nif [ $? != 0 ] ; then\n    # print error to STDERR\n    echo \"error: The sandbox is not in sync with the Podfile.lock. Run 'pod install' or update your CocoaPods installation.\" >&2\n    exit 1\nfi\n# This output is used by Xcode 'outputs' to avoid re-running this script phase.\necho \"SUCCESS\" > \"${SCRIPT_OUTPUT_FILE_0}\"\n";
			showEnvVarsInLog = 0;
		};
		87862BD4CD79A8A4160D131B /* [CP] Check Pods Manifest.lock */ = {
			isa = PBXShellScriptBuildPhase;
			buildActionMask = 2147483647;
			files = (
			);
			inputFileListPaths = (
			);
			inputPaths = (
				"${PODS_PODFILE_DIR_PATH}/Podfile.lock",
				"${PODS_ROOT}/Manifest.lock",
			);
			name = "[CP] Check Pods Manifest.lock";
			outputFileListPaths = (
			);
			outputPaths = (
				"$(DERIVED_FILE_DIR)/Pods-ValU Two-checkManifestLockResult.txt",
			);
			runOnlyForDeploymentPostprocessing = 0;
			shellPath = /bin/sh;
			shellScript = "diff \"${PODS_PODFILE_DIR_PATH}/Podfile.lock\" \"${PODS_ROOT}/Manifest.lock\" > /dev/null\nif [ $? != 0 ] ; then\n    # print error to STDERR\n    echo \"error: The sandbox is not in sync with the Podfile.lock. Run 'pod install' or update your CocoaPods installation.\" >&2\n    exit 1\nfi\n# This output is used by Xcode 'outputs' to avoid re-running this script phase.\necho \"SUCCESS\" > \"${SCRIPT_OUTPUT_FILE_0}\"\n";
			showEnvVarsInLog = 0;
		};
/* End PBXShellScriptBuildPhase section */

/* Begin PBXSourcesBuildPhase section */
		47DDCCC222A890DB0049E3A5 /* Sources */ = {
			isa = PBXSourcesBuildPhase;
			buildActionMask = 2147483647;
			files = (
				47DDCCCA22A890DB0049E3A5 /* AppDelegate.swift in Sources */,
				4743EAC622BC4DFA0046D6EA /* CreateBudgetFormViewController.swift in Sources */,
				47BE457322C00DBC00FB9A31 /* PlaidConnection.swift in Sources */,
				47BE457B22C00E5500FB9A31 /* SpendingCategory.swift in Sources */,
				4743EAA622B6DE470046D6EA /* AppCoordinator.swift in Sources */,
				47BE456822BC96A100FB9A31 /* PresentorProtocol.swift in Sources */,
				47BE456C22C00A3600FB9A31 /* SetSavingsViewController.swift in Sources */,
				47BE457E22C00E5500FB9A31 /* Account.swift in Sources */,
				4743EAA822B6E1020046D6EA /* Coordinator.swift in Sources */,
				47BE457C22C00E5500FB9A31 /* user.swift in Sources */,
				4743EABD22BC4AA90046D6EA /* StartPageViewController.swift in Sources */,
				47BE457122C00DBC00FB9A31 /* PlaidLinkViewController.swift in Sources */,
				47BE457222C00DBC00FB9A31 /* PlaidProccesor.swift in Sources */,
				4774311922C70C0200FBA11B /* PlaidLinkPresentor.swift in Sources */,
				4743EA9122AD91B70046D6EA /* SetSpendingCategoriesViewController.swift in Sources */,
				4743EAC422BC4B3E0046D6EA /* ContainerViewController.swift in Sources */,
				47BE456422BC85AF00FB9A31 /* CreateBudgetFormPresentor.swift in Sources */,
				47BE458122C0105700FB9A31 /* SetSavingsPresentor.swift in Sources */,
				47BE457D22C00E5500FB9A31 /* Budget.swift in Sources */,
				4743EAC122BC4AA90046D6EA /* OnboardingFlowCoordinator.swift in Sources */,
			);
			runOnlyForDeploymentPostprocessing = 0;
		};
		47DDCCD622A890E00049E3A5 /* Sources */ = {
			isa = PBXSourcesBuildPhase;
			buildActionMask = 2147483647;
			files = (
				47DDCCDF22A890E00049E3A5 /* ValU_TwoTests.swift in Sources */,
			);
			runOnlyForDeploymentPostprocessing = 0;
		};
		47DDCCE122A890E00049E3A5 /* Sources */ = {
			isa = PBXSourcesBuildPhase;
			buildActionMask = 2147483647;
			files = (
				47DDCCEA22A890E00049E3A5 /* ValU_TwoUITests.swift in Sources */,
			);
			runOnlyForDeploymentPostprocessing = 0;
		};
/* End PBXSourcesBuildPhase section */

/* Begin PBXTargetDependency section */
		47DDCCDC22A890E00049E3A5 /* PBXTargetDependency */ = {
			isa = PBXTargetDependency;
			target = 47DDCCC522A890DB0049E3A5 /* ValU Two */;
			targetProxy = 47DDCCDB22A890E00049E3A5 /* PBXContainerItemProxy */;
		};
		47DDCCE722A890E00049E3A5 /* PBXTargetDependency */ = {
			isa = PBXTargetDependency;
			target = 47DDCCC522A890DB0049E3A5 /* ValU Two */;
			targetProxy = 47DDCCE622A890E00049E3A5 /* PBXContainerItemProxy */;
		};
/* End PBXTargetDependency section */

/* Begin PBXVariantGroup section */
		47DDCCD222A890E00049E3A5 /* LaunchScreen.storyboard */ = {
			isa = PBXVariantGroup;
			children = (
				47DDCCD322A890E00049E3A5 /* Base */,
			);
			name = LaunchScreen.storyboard;
			sourceTree = "<group>";
		};
/* End PBXVariantGroup section */

/* Begin XCBuildConfiguration section */
		47DDCCEC22A890E00049E3A5 /* Debug */ = {
			isa = XCBuildConfiguration;
			buildSettings = {
				ALWAYS_SEARCH_USER_PATHS = NO;
				CLANG_ANALYZER_NONNULL = YES;
				CLANG_ANALYZER_NUMBER_OBJECT_CONVERSION = YES_AGGRESSIVE;
				CLANG_CXX_LANGUAGE_STANDARD = "gnu++14";
				CLANG_CXX_LIBRARY = "libc++";
				CLANG_ENABLE_MODULES = YES;
				CLANG_ENABLE_OBJC_ARC = YES;
				CLANG_ENABLE_OBJC_WEAK = YES;
				CLANG_WARN_BLOCK_CAPTURE_AUTORELEASING = YES;
				CLANG_WARN_BOOL_CONVERSION = YES;
				CLANG_WARN_COMMA = YES;
				CLANG_WARN_CONSTANT_CONVERSION = YES;
				CLANG_WARN_DEPRECATED_OBJC_IMPLEMENTATIONS = YES;
				CLANG_WARN_DIRECT_OBJC_ISA_USAGE = YES_ERROR;
				CLANG_WARN_DOCUMENTATION_COMMENTS = YES;
				CLANG_WARN_EMPTY_BODY = YES;
				CLANG_WARN_ENUM_CONVERSION = YES;
				CLANG_WARN_INFINITE_RECURSION = YES;
				CLANG_WARN_INT_CONVERSION = YES;
				CLANG_WARN_NON_LITERAL_NULL_CONVERSION = YES;
				CLANG_WARN_OBJC_IMPLICIT_RETAIN_SELF = YES;
				CLANG_WARN_OBJC_LITERAL_CONVERSION = YES;
				CLANG_WARN_OBJC_ROOT_CLASS = YES_ERROR;
				CLANG_WARN_RANGE_LOOP_ANALYSIS = YES;
				CLANG_WARN_STRICT_PROTOTYPES = YES;
				CLANG_WARN_SUSPICIOUS_MOVE = YES;
				CLANG_WARN_UNGUARDED_AVAILABILITY = YES_AGGRESSIVE;
				CLANG_WARN_UNREACHABLE_CODE = YES;
				CLANG_WARN__DUPLICATE_METHOD_MATCH = YES;
				CODE_SIGN_IDENTITY = "iPhone Developer";
				COPY_PHASE_STRIP = NO;
				DEBUG_INFORMATION_FORMAT = dwarf;
				ENABLE_STRICT_OBJC_MSGSEND = YES;
				ENABLE_TESTABILITY = YES;
				GCC_C_LANGUAGE_STANDARD = gnu11;
				GCC_DYNAMIC_NO_PIC = NO;
				GCC_NO_COMMON_BLOCKS = YES;
				GCC_OPTIMIZATION_LEVEL = 0;
				GCC_PREPROCESSOR_DEFINITIONS = (
					"DEBUG=1",
					"$(inherited)",
				);
				GCC_WARN_64_TO_32_BIT_CONVERSION = YES;
				GCC_WARN_ABOUT_RETURN_TYPE = YES_ERROR;
				GCC_WARN_UNDECLARED_SELECTOR = YES;
				GCC_WARN_UNINITIALIZED_AUTOS = YES_AGGRESSIVE;
				GCC_WARN_UNUSED_FUNCTION = YES;
				GCC_WARN_UNUSED_VARIABLE = YES;
				IPHONEOS_DEPLOYMENT_TARGET = 12.2;
				MTL_ENABLE_DEBUG_INFO = INCLUDE_SOURCE;
				MTL_FAST_MATH = YES;
				ONLY_ACTIVE_ARCH = YES;
				SDKROOT = iphoneos;
				SWIFT_ACTIVE_COMPILATION_CONDITIONS = DEBUG;
				SWIFT_OPTIMIZATION_LEVEL = "-Onone";
			};
			name = Debug;
		};
		47DDCCED22A890E00049E3A5 /* Release */ = {
			isa = XCBuildConfiguration;
			buildSettings = {
				ALWAYS_SEARCH_USER_PATHS = NO;
				CLANG_ANALYZER_NONNULL = YES;
				CLANG_ANALYZER_NUMBER_OBJECT_CONVERSION = YES_AGGRESSIVE;
				CLANG_CXX_LANGUAGE_STANDARD = "gnu++14";
				CLANG_CXX_LIBRARY = "libc++";
				CLANG_ENABLE_MODULES = YES;
				CLANG_ENABLE_OBJC_ARC = YES;
				CLANG_ENABLE_OBJC_WEAK = YES;
				CLANG_WARN_BLOCK_CAPTURE_AUTORELEASING = YES;
				CLANG_WARN_BOOL_CONVERSION = YES;
				CLANG_WARN_COMMA = YES;
				CLANG_WARN_CONSTANT_CONVERSION = YES;
				CLANG_WARN_DEPRECATED_OBJC_IMPLEMENTATIONS = YES;
				CLANG_WARN_DIRECT_OBJC_ISA_USAGE = YES_ERROR;
				CLANG_WARN_DOCUMENTATION_COMMENTS = YES;
				CLANG_WARN_EMPTY_BODY = YES;
				CLANG_WARN_ENUM_CONVERSION = YES;
				CLANG_WARN_INFINITE_RECURSION = YES;
				CLANG_WARN_INT_CONVERSION = YES;
				CLANG_WARN_NON_LITERAL_NULL_CONVERSION = YES;
				CLANG_WARN_OBJC_IMPLICIT_RETAIN_SELF = YES;
				CLANG_WARN_OBJC_LITERAL_CONVERSION = YES;
				CLANG_WARN_OBJC_ROOT_CLASS = YES_ERROR;
				CLANG_WARN_RANGE_LOOP_ANALYSIS = YES;
				CLANG_WARN_STRICT_PROTOTYPES = YES;
				CLANG_WARN_SUSPICIOUS_MOVE = YES;
				CLANG_WARN_UNGUARDED_AVAILABILITY = YES_AGGRESSIVE;
				CLANG_WARN_UNREACHABLE_CODE = YES;
				CLANG_WARN__DUPLICATE_METHOD_MATCH = YES;
				CODE_SIGN_IDENTITY = "iPhone Developer";
				COPY_PHASE_STRIP = NO;
				DEBUG_INFORMATION_FORMAT = "dwarf-with-dsym";
				ENABLE_NS_ASSERTIONS = NO;
				ENABLE_STRICT_OBJC_MSGSEND = YES;
				GCC_C_LANGUAGE_STANDARD = gnu11;
				GCC_NO_COMMON_BLOCKS = YES;
				GCC_WARN_64_TO_32_BIT_CONVERSION = YES;
				GCC_WARN_ABOUT_RETURN_TYPE = YES_ERROR;
				GCC_WARN_UNDECLARED_SELECTOR = YES;
				GCC_WARN_UNINITIALIZED_AUTOS = YES_AGGRESSIVE;
				GCC_WARN_UNUSED_FUNCTION = YES;
				GCC_WARN_UNUSED_VARIABLE = YES;
				IPHONEOS_DEPLOYMENT_TARGET = 12.2;
				MTL_ENABLE_DEBUG_INFO = NO;
				MTL_FAST_MATH = YES;
				SDKROOT = iphoneos;
				SWIFT_COMPILATION_MODE = wholemodule;
				SWIFT_OPTIMIZATION_LEVEL = "-O";
				VALIDATE_PRODUCT = YES;
			};
			name = Release;
		};
		47DDCCEF22A890E00049E3A5 /* Debug */ = {
			isa = XCBuildConfiguration;
			baseConfigurationReference = 5B6157E9917879C99D71879E /* Pods-ValU Two.debug.xcconfig */;
			buildSettings = {
				ASSETCATALOG_COMPILER_APPICON_NAME = AppIcon;
				CODE_SIGN_STYLE = Automatic;
				DEVELOPMENT_TEAM = 2DVRRZC3M5;
				INFOPLIST_FILE = "ValU Two/Info.plist";
				LD_RUNPATH_SEARCH_PATHS = (
					"$(inherited)",
					"@executable_path/Frameworks",
				);
				LINK_ENVIRONMENT = Sandbox;
				PRODUCT_BUNDLE_IDENTIFIER = "clay.ValU-Two";
				PRODUCT_NAME = "$(TARGET_NAME)";
				SWIFT_VERSION = 5.0;
				TARGETED_DEVICE_FAMILY = "1,2";
			};
			name = Debug;
		};
		47DDCCF022A890E00049E3A5 /* Release */ = {
			isa = XCBuildConfiguration;
			baseConfigurationReference = 02CB0933549AB52086057F90 /* Pods-ValU Two.release.xcconfig */;
			buildSettings = {
				ASSETCATALOG_COMPILER_APPICON_NAME = AppIcon;
				CODE_SIGN_STYLE = Automatic;
				DEVELOPMENT_TEAM = 2DVRRZC3M5;
				INFOPLIST_FILE = "ValU Two/Info.plist";
				LD_RUNPATH_SEARCH_PATHS = (
					"$(inherited)",
					"@executable_path/Frameworks",
				);
				LINK_ENVIRONMENT = Development;
				PRODUCT_BUNDLE_IDENTIFIER = "clay.ValU-Two";
				PRODUCT_NAME = "$(TARGET_NAME)";
				SWIFT_VERSION = 5.0;
				TARGETED_DEVICE_FAMILY = "1,2";
			};
			name = Release;
		};
		47DDCCF222A890E00049E3A5 /* Debug */ = {
			isa = XCBuildConfiguration;
			baseConfigurationReference = 91559C1E1523FF7F6A61EA3C /* Pods-ValU TwoTests.debug.xcconfig */;
			buildSettings = {
				ALWAYS_EMBED_SWIFT_STANDARD_LIBRARIES = YES;
				BUNDLE_LOADER = "$(TEST_HOST)";
				CODE_SIGN_STYLE = Automatic;
				DEVELOPMENT_TEAM = 2DVRRZC3M5;
				INFOPLIST_FILE = "ValU TwoTests/Info.plist";
				LD_RUNPATH_SEARCH_PATHS = (
					"$(inherited)",
					"@executable_path/Frameworks",
					"@loader_path/Frameworks",
				);
				PRODUCT_BUNDLE_IDENTIFIER = "clay.ValU-TwoTests";
				PRODUCT_NAME = "$(TARGET_NAME)";
				SWIFT_VERSION = 5.0;
				TARGETED_DEVICE_FAMILY = "1,2";
				TEST_HOST = "$(BUILT_PRODUCTS_DIR)/ValU Two.app/ValU Two";
			};
			name = Debug;
		};
		47DDCCF322A890E00049E3A5 /* Release */ = {
			isa = XCBuildConfiguration;
			baseConfigurationReference = 748C8B11CED7054383845D1F /* Pods-ValU TwoTests.release.xcconfig */;
			buildSettings = {
				ALWAYS_EMBED_SWIFT_STANDARD_LIBRARIES = YES;
				BUNDLE_LOADER = "$(TEST_HOST)";
				CODE_SIGN_STYLE = Automatic;
				DEVELOPMENT_TEAM = 2DVRRZC3M5;
				INFOPLIST_FILE = "ValU TwoTests/Info.plist";
				LD_RUNPATH_SEARCH_PATHS = (
					"$(inherited)",
					"@executable_path/Frameworks",
					"@loader_path/Frameworks",
				);
				PRODUCT_BUNDLE_IDENTIFIER = "clay.ValU-TwoTests";
				PRODUCT_NAME = "$(TARGET_NAME)";
				SWIFT_VERSION = 5.0;
				TARGETED_DEVICE_FAMILY = "1,2";
				TEST_HOST = "$(BUILT_PRODUCTS_DIR)/ValU Two.app/ValU Two";
			};
			name = Release;
		};
		47DDCCF522A890E00049E3A5 /* Debug */ = {
			isa = XCBuildConfiguration;
			baseConfigurationReference = 3C06C0DA4483D20C5FACB36A /* Pods-ValU TwoUITests.debug.xcconfig */;
			buildSettings = {
				ALWAYS_EMBED_SWIFT_STANDARD_LIBRARIES = YES;
				CODE_SIGN_STYLE = Automatic;
				DEVELOPMENT_TEAM = 2DVRRZC3M5;
				INFOPLIST_FILE = "ValU TwoUITests/Info.plist";
				LD_RUNPATH_SEARCH_PATHS = (
					"$(inherited)",
					"@executable_path/Frameworks",
					"@loader_path/Frameworks",
				);
				PRODUCT_BUNDLE_IDENTIFIER = "clay.ValU-TwoUITests";
				PRODUCT_NAME = "$(TARGET_NAME)";
				SWIFT_VERSION = 5.0;
				TARGETED_DEVICE_FAMILY = "1,2";
				TEST_TARGET_NAME = "ValU Two";
			};
			name = Debug;
		};
		47DDCCF622A890E00049E3A5 /* Release */ = {
			isa = XCBuildConfiguration;
			baseConfigurationReference = 21ED67144E7F14461A336F22 /* Pods-ValU TwoUITests.release.xcconfig */;
			buildSettings = {
				ALWAYS_EMBED_SWIFT_STANDARD_LIBRARIES = YES;
				CODE_SIGN_STYLE = Automatic;
				DEVELOPMENT_TEAM = 2DVRRZC3M5;
				INFOPLIST_FILE = "ValU TwoUITests/Info.plist";
				LD_RUNPATH_SEARCH_PATHS = (
					"$(inherited)",
					"@executable_path/Frameworks",
					"@loader_path/Frameworks",
				);
				PRODUCT_BUNDLE_IDENTIFIER = "clay.ValU-TwoUITests";
				PRODUCT_NAME = "$(TARGET_NAME)";
				SWIFT_VERSION = 5.0;
				TARGETED_DEVICE_FAMILY = "1,2";
				TEST_TARGET_NAME = "ValU Two";
			};
			name = Release;
		};
/* End XCBuildConfiguration section */

/* Begin XCConfigurationList section */
		47DDCCC122A890DB0049E3A5 /* Build configuration list for PBXProject "ValU Two" */ = {
			isa = XCConfigurationList;
			buildConfigurations = (
				47DDCCEC22A890E00049E3A5 /* Debug */,
				47DDCCED22A890E00049E3A5 /* Release */,
			);
			defaultConfigurationIsVisible = 0;
			defaultConfigurationName = Release;
		};
		47DDCCEE22A890E00049E3A5 /* Build configuration list for PBXNativeTarget "ValU Two" */ = {
			isa = XCConfigurationList;
			buildConfigurations = (
				47DDCCEF22A890E00049E3A5 /* Debug */,
				47DDCCF022A890E00049E3A5 /* Release */,
			);
			defaultConfigurationIsVisible = 0;
			defaultConfigurationName = Release;
		};
		47DDCCF122A890E00049E3A5 /* Build configuration list for PBXNativeTarget "ValU TwoTests" */ = {
			isa = XCConfigurationList;
			buildConfigurations = (
				47DDCCF222A890E00049E3A5 /* Debug */,
				47DDCCF322A890E00049E3A5 /* Release */,
			);
			defaultConfigurationIsVisible = 0;
			defaultConfigurationName = Release;
		};
		47DDCCF422A890E00049E3A5 /* Build configuration list for PBXNativeTarget "ValU TwoUITests" */ = {
			isa = XCConfigurationList;
			buildConfigurations = (
				47DDCCF522A890E00049E3A5 /* Debug */,
				47DDCCF622A890E00049E3A5 /* Release */,
			);
			defaultConfigurationIsVisible = 0;
			defaultConfigurationName = Release;
		};
/* End XCConfigurationList section */
	};
	rootObject = 47DDCCBE22A890DB0049E3A5 /* Project object */;
}
